// !$*UTF8*$!
{
	archiveVersion = 1;
	classes = {
	};
	objectVersion = 56;
	objects = {

/* Begin PBXBuildFile section */
		9437929E2E1BE9340089F512 /* FrameworkGenerationService.swift in Sources */ = {isa = PBXBuildFile; fileRef = 9437929D2E1BE9340089F512 /* FrameworkGenerationService.swift */; };
		943792A02E1BE94A0089F512 /* FrameworkStorageService.swift in Sources */ = {isa = PBXBuildFile; fileRef = 9437929F2E1BE94A0089F512 /* FrameworkStorageService.swift */; };
		943792A32E1BE9850089F512 /* LibrarySelectionManager.swift in Sources */ = {isa = PBXBuildFile; fileRef = 943792A22E1BE9850089F512 /* LibrarySelectionManager.swift */; };
		943792A52E1BE9970089F512 /* FrameworkRecommendationView.swift in Sources */ = {isa = PBXBuildFile; fileRef = 943792A42E1BE9970089F512 /* FrameworkRecommendationView.swift */; };
		943792A72E1BE9A90089F512 /* FrameworkRecommendation.swift in Sources */ = {isa = PBXBuildFile; fileRef = 943792A62E1BE9A90089F512 /* FrameworkRecommendation.swift */; };
		943792A92E1C2B610089F512 /* TabNavigationManager.swift in Sources */ = {isa = PBXBuildFile; fileRef = 943792A82E1C2B610089F512 /* TabNavigationManager.swift */; };
		943792AB2E1C34520089F512 /* FrameworkGeneratingView.swift in Sources */ = {isa = PBXBuildFile; fileRef = 943792AA2E1C34520089F512 /* FrameworkGeneratingView.swift */; };
		943DFD722E17CBE3004F8043 /* LibraryViewController.swift in Sources */ = {isa = PBXBuildFile; fileRef = 943DFD712E17CBE3004F8043 /* LibraryViewController.swift */; };
		943DFD742E180D40004F8043 /* SituationDetailView.swift in Sources */ = {isa = PBXBuildFile; fileRef = 943DFD732E180D40004F8043 /* SituationDetailView.swift */; };
		943DFD772E1823A5004F8043 /* LibraryFilters.swift in Sources */ = {isa = PBXBuildFile; fileRef = 943DFD762E1823A5004F8043 /* LibraryFilters.swift */; };
		943DFD792E182630004F8043 /* SearchFilterView.swift in Sources */ = {isa = PBXBuildFile; fileRef = 943DFD782E182630004F8043 /* SearchFilterView.swift */; };
		943DFD7B2E182640004F8043 /* SortDropdown.swift in Sources */ = {isa = PBXBuildFile; fileRef = 943DFD7A2E182640004F8043 /* SortDropdown.swift */; };
		943DFD7D2E182650004F8043 /* CategoryFilterChips.swift in Sources */ = {isa = PBXBuildFile; fileRef = 943DFD7C2E182650004F8043 /* CategoryFilterChips.swift */; };
		943DFD7F2E18265C004F8043 /* SearchStatesView.swift in Sources */ = {isa = PBXBuildFile; fileRef = 943DFD7E2E18265C004F8043 /* SearchStatesView.swift */; };
		943DFD812E18266B004F8043 /* LibraryHeaderView.swift in Sources */ = {isa = PBXBuildFile; fileRef = 943DFD802E18266B004F8043 /* LibraryHeaderView.swift */; };
		943DFD832E182676004F8043 /* FilterButton.swift in Sources */ = {isa = PBXBuildFile; fileRef = 943DFD822E182676004F8043 /* FilterButton.swift */; };
		943DFD852E182684004F8043 /* SearchHistoryView.swift in Sources */ = {isa = PBXBuildFile; fileRef = 943DFD842E182684004F8043 /* SearchHistoryView.swift */; };
		943DFD872E182690004F8043 /* BulkActionBar.swift in Sources */ = {isa = PBXBuildFile; fileRef = 943DFD862E182690004F8043 /* BulkActionBar.swift */; };
		943DFD892E18269D004F8043 /* ExportSheet.swift in Sources */ = {isa = PBXBuildFile; fileRef = 943DFD882E18269D004F8043 /* ExportSheet.swift */; };
		943DFD8B2E1826AF004F8043 /* ConfirmationDialog.swift in Sources */ = {isa = PBXBuildFile; fileRef = 943DFD8A2E1826AF004F8043 /* ConfirmationDialog.swift */; };
		943DFD8E2E1A856E004F8043 /* UserProfile.swift in Sources */ = {isa = PBXBuildFile; fileRef = 943DFD8C2E1A856E004F8043 /* UserProfile.swift */; };
		943DFD8F2E1A856E004F8043 /* Child.swift in Sources */ = {isa = PBXBuildFile; fileRef = 943DFD8D2E1A856E004F8043 /* Child.swift */; };
		943DFD912E1A858D004F8043 /* Situation.swift in Sources */ = {isa = PBXBuildFile; fileRef = 943DFD902E1A858D004F8043 /* Situation.swift */; };
		943DFD932E1A85A2004F8043 /* Guidance.swift in Sources */ = {isa = PBXBuildFile; fileRef = 943DFD922E1A85A2004F8043 /* Guidance.swift */; };
		943DFD972E1A85B9004F8043 /* AppCoordinator.swift in Sources */ = {isa = PBXBuildFile; fileRef = 943DFD942E1A85B9004F8043 /* AppCoordinator.swift */; };
		943DFD982E1A85B9004F8043 /* OpenAIService.swift in Sources */ = {isa = PBXBuildFile; fileRef = 943DFD952E1A85B9004F8043 /* OpenAIService.swift */; };
		943DFD9B2E1A85EE004F8043 /* ConversationService.swift in Sources */ = {isa = PBXBuildFile; fileRef = 943DFD9A2E1A85EE004F8043 /* ConversationService.swift */; };
		943DFD9D2E1A863A004F8043 /* DatabaseService.swift in Sources */ = {isa = PBXBuildFile; fileRef = 943DFD9C2E1A863A004F8043 /* DatabaseService.swift */; };
		943DFDA22E1A86A4004F8043 /* OnboardingManager.swift in Sources */ = {isa = PBXBuildFile; fileRef = 943DFDA12E1A86A4004F8043 /* OnboardingManager.swift */; };
		944EA1A82E2B30E000C110AF /* Localizable.xcstrings in Resources */ = {isa = PBXBuildFile; fileRef = 944EA1A72E2B30E000C110AF /* Localizable.xcstrings */; };
		944EA1AA2E2B566400C110AF /* FamilyLanguageService.swift in Sources */ = {isa = PBXBuildFile; fileRef = 944EA1A92E2B566400C110AF /* FamilyLanguageService.swift */; };
		944EA1AC2E2B567A00C110AF /* LanguageDetectionService.swift in Sources */ = {isa = PBXBuildFile; fileRef = 944EA1AB2E2B567A00C110AF /* LanguageDetectionService.swift */; };
		944EA1AE2E2B652D00C110AF /* TranslationService.swift in Sources */ = {isa = PBXBuildFile; fileRef = 944EA1AD2E2B652D00C110AF /* TranslationService.swift */; };
		944EA1B02E2B653D00C110AF /* FamilyInvitationService.swift in Sources */ = {isa = PBXBuildFile; fileRef = 944EA1AF2E2B653D00C110AF /* FamilyInvitationService.swift */; };
		944EA1B22E2B6BB100C110AF /* FamilyChoiceView.swift in Sources */ = {isa = PBXBuildFile; fileRef = 944EA1B12E2B6BB100C110AF /* FamilyChoiceView.swift */; };
		944EA1B42E2B6BBE00C110AF /* JoinFamilyView.swift in Sources */ = {isa = PBXBuildFile; fileRef = 944EA1B32E2B6BBE00C110AF /* JoinFamilyView.swift */; };
		944EA1B62E2B70AC00C110AF /* TranslationQueueManager.swift in Sources */ = {isa = PBXBuildFile; fileRef = 944EA1B52E2B70AC00C110AF /* TranslationQueueManager.swift */; };
		944EA1B82E2B77C400C110AF /* ContentDisplayService.swift in Sources */ = {isa = PBXBuildFile; fileRef = 944EA1B72E2B77C400C110AF /* ContentDisplayService.swift */; };
		944EA1BA2E2B822C00C110AF /* TranslationStrategySelectionView.swift in Sources */ = {isa = PBXBuildFile; fileRef = 944EA1B92E2B822C00C110AF /* TranslationStrategySelectionView.swift */; };
		944EA1BC2E2B865900C110AF /* FamilyManagementView.swift in Sources */ = {isa = PBXBuildFile; fileRef = 944EA1BB2E2B865900C110AF /* FamilyManagementView.swift */; };
		944EA1D02E2CC63900C110AF /* cli-latest in Resources */ = {isa = PBXBuildFile; fileRef = 944EA1C02E2CC63900C110AF /* cli-latest */; };
		944EA1D12E2CC63900C110AF /* gotrue-version in Resources */ = {isa = PBXBuildFile; fileRef = 944EA1C12E2CC63900C110AF /* gotrue-version */; };
		944EA1D22E2CC63900C110AF /* pooler-url in Resources */ = {isa = PBXBuildFile; fileRef = 944EA1C22E2CC63900C110AF /* pooler-url */; };
		944EA1D32E2CC63900C110AF /* postgres-version in Resources */ = {isa = PBXBuildFile; fileRef = 944EA1C32E2CC63900C110AF /* postgres-version */; };
		944EA1D42E2CC63900C110AF /* project-ref in Resources */ = {isa = PBXBuildFile; fileRef = 944EA1C42E2CC63900C110AF /* project-ref */; };
		944EA1D52E2CC63900C110AF /* rest-version in Resources */ = {isa = PBXBuildFile; fileRef = 944EA1C52E2CC63900C110AF /* rest-version */; };
		944EA1D62E2CC63900C110AF /* storage-version in Resources */ = {isa = PBXBuildFile; fileRef = 944EA1C62E2CC63900C110AF /* storage-version */; };
		944EA1D72E2CC63900C110AF /* .npmrc in Resources */ = {isa = PBXBuildFile; fileRef = 944EA1C82E2CC63900C110AF /* .npmrc */; };
		944EA1D82E2CC63900C110AF /* deno.json in Resources */ = {isa = PBXBuildFile; fileRef = 944EA1C92E2CC63900C110AF /* deno.json */; };
		944EA1D92E2CC63900C110AF /* .gitignore in Resources */ = {isa = PBXBuildFile; fileRef = 944EA1CD2E2CC63900C110AF /* .gitignore */; };
		944EA1DA2E2CC63900C110AF /* config.toml in Resources */ = {isa = PBXBuildFile; fileRef = 944EA1CE2E2CC63900C110AF /* config.toml */; };
		944EA1E22E2CD35400C110AF /* EdgeFunctionService.swift in Sources */ = {isa = PBXBuildFile; fileRef = 944EA1E12E2CD35400C110AF /* EdgeFunctionService.swift */; };
		944EA1E42E2CDCE100C110AF /* GuidanceGenerationService.swift in Sources */ = {isa = PBXBuildFile; fileRef = 944EA1E32E2CDCE100C110AF /* GuidanceGenerationService.swift */; };
		944EA1E62E2CF75100C110AF /* promptTemplates.json in Resources */ = {isa = PBXBuildFile; fileRef = 944EA1E52E2CF75000C110AF /* promptTemplates.json */; };
		944EA1E92E2DE4A900C110AF /* SettingsFrameworkState.swift in Sources */ = {isa = PBXBuildFile; fileRef = 944EA1E82E2DE4A900C110AF /* SettingsFrameworkState.swift */; };
		944EA1EB2E2DE6A800C110AF /* SettingsViewState.swift in Sources */ = {isa = PBXBuildFile; fileRef = 944EA1EA2E2DE6A800C110AF /* SettingsViewState.swift */; };
		944EA1EE2E2DE91400C110AF /* FoundationToolsSection.swift in Sources */ = {isa = PBXBuildFile; fileRef = 944EA1ED2E2DE91400C110AF /* FoundationToolsSection.swift */; };
		944EA1F02E2DEBAC00C110AF /* FamilyLanguageSection.swift in Sources */ = {isa = PBXBuildFile; fileRef = 944EA1EF2E2DEBAC00C110AF /* FamilyLanguageSection.swift */; };
		944EA1F22E2DEE1E00C110AF /* DeveloperSection.swift in Sources */ = {isa = PBXBuildFile; fileRef = 944EA1F12E2DEE1E00C110AF /* DeveloperSection.swift */; };
		944EA1F32E2DEE1F00C110AF /* PrivacyDataSection.swift in Sources */ = {isa = PBXBuildFile; fileRef = 944EA1F22E2DEE1F00C110AF /* PrivacyDataSection.swift */; };
		944EA1F42E2DF62C00C110AF /* GuidanceStructureSection.swift in Sources */ = {isa = PBXBuildFile; fileRef = 944EA1F32E2DF62C00C110AF /* GuidanceStructureSection.swift */; };
		944EA1F62E2DF87900C110AF /* ChildProfileSection.swift in Sources */ = {isa = PBXBuildFile; fileRef = 944EA1F52E2DF87900C110AF /* ChildProfileSection.swift */; };
		944EA1F82E2DF94600C110AF /* AccountSection.swift in Sources */ = {isa = PBXBuildFile; fileRef = 944EA1F72E2DF94600C110AF /* AccountSection.swift */; };
		944EA1FA2E2DFD4E00C110AF /* HelpSupportSection.swift in Sources */ = {isa = PBXBuildFile; fileRef = 944EA1F92E2DFD4E00C110AF /* HelpSupportSection.swift */; };
		944EA1FD2E2DFEDB00C110AF /* GuidanceModeCard.swift in Sources */ = {isa = PBXBuildFile; fileRef = 944EA1FC2E2DFEDB00C110AF /* GuidanceModeCard.swift */; };
		944EA1FF2E2E018B00C110AF /* FrameworkCard.swift in Sources */ = {isa = PBXBuildFile; fileRef = 944EA1FE2E2E018B00C110AF /* FrameworkCard.swift */; };
		944EA2012E2E02B300C110AF /* LanguageSelectionView.swift in Sources */ = {isa = PBXBuildFile; fileRef = 944EA2002E2E02B300C110AF /* LanguageSelectionView.swift */; };
		944EA2032E2E04BD00C110AF /* LanguageOptionRow.swift in Sources */ = {isa = PBXBuildFile; fileRef = 944EA2022E2E04BD00C110AF /* LanguageOptionRow.swift */; };
		944EA2052E2E06B000C110AF /* PrivacyPolicyView.swift in Sources */ = {isa = PBXBuildFile; fileRef = 944EA2042E2E06B000C110AF /* PrivacyPolicyView.swift */; };
		944EA2072E2E0E6E00C110AF /* SignOutConfirmationView.swift in Sources */ = {isa = PBXBuildFile; fileRef = 944EA2062E2E0E6E00C110AF /* SignOutConfirmationView.swift */; };
		944EA2092E2E0EDB00C110AF /* DeleteAccountConfirmationView.swift in Sources */ = {isa = PBXBuildFile; fileRef = 944EA2082E2E0EDB00C110AF /* DeleteAccountConfirmationView.swift */; };
		944EA20B2E2E0FDE00C110AF /* DeleteConfirmationTextField.swift in Sources */ = {isa = PBXBuildFile; fileRef = 944EA20A2E2E0FDE00C110AF /* DeleteConfirmationTextField.swift */; };
		944EA20D2E2E125F00C110AF /* SettingsDataService.swift in Sources */ = {isa = PBXBuildFile; fileRef = 944EA20C2E2E125F00C110AF /* SettingsDataService.swift */; };
		944EA20F2E2E126B00C110AF /* SettingsAccountService.swift in Sources */ = {isa = PBXBuildFile; fileRef = 944EA20E2E2E126B00C110AF /* SettingsAccountService.swift */; };
		944EA2112E2E127600C110AF /* SettingsFormatterService.swift in Sources */ = {isa = PBXBuildFile; fileRef = 944EA2102E2E127600C110AF /* SettingsFormatterService.swift */; };
		944EA2132E2E128100C110AF /* SettingsUtilityService.swift in Sources */ = {isa = PBXBuildFile; fileRef = 944EA2122E2E128100C110AF /* SettingsUtilityService.swift */; };
		9481564C2E23CDC000C28273 /* ChildProfileEditView.swift in Sources */ = {isa = PBXBuildFile; fileRef = 9481564B2E23CDC000C28273 /* ChildProfileEditView.swift */; };
		9481564E2E25334C00C28273 /* AudioPermissionManager.swift in Sources */ = {isa = PBXBuildFile; fileRef = 9481564D2E25334C00C28273 /* AudioPermissionManager.swift */; };
		948156502E2533EE00C28273 /* VoiceRecorderError.swift in Sources */ = {isa = PBXBuildFile; fileRef = 9481564F2E2533EE00C28273 /* VoiceRecorderError.swift */; };
		948156522E25370900C28273 /* VoiceRecorderService.swift in Sources */ = {isa = PBXBuildFile; fileRef = 948156512E25370900C28273 /* VoiceRecorderService.swift */; };
		948156542E253D4400C28273 /* VoiceRecorderDelegate.swift in Sources */ = {isa = PBXBuildFile; fileRef = 948156532E253D4400C28273 /* VoiceRecorderDelegate.swift */; };
		948156562E2762BA00C28273 /* DynamicGuidanceModels.swift in Sources */ = {isa = PBXBuildFile; fileRef = 948156552E2762BA00C28273 /* DynamicGuidanceModels.swift */; };
		948156582E2762C700C28273 /* GuidanceStructureSettings.swift in Sources */ = {isa = PBXBuildFile; fileRef = 948156572E2762C700C28273 /* GuidanceStructureSettings.swift */; };
		9481565A2E2773FC00C28273 /* DynamicGuidanceParser.swift in Sources */ = {isa = PBXBuildFile; fileRef = 948156592E2773FC00C28273 /* DynamicGuidanceParser.swift */; };
		9481565C2E29019600C28273 /* ContextualInsight.swift in Sources */ = {isa = PBXBuildFile; fileRef = 9481565B2E29019600C28273 /* ContextualInsight.swift */; };
		9481565E2E29023B00C28273 /* ContextualInsightService.swift in Sources */ = {isa = PBXBuildFile; fileRef = 9481565D2E29023B00C28273 /* ContextualInsightService.swift */; };
		948156602E29042F00C28273 /* ContextualKnowledgeBaseView.swift in Sources */ = {isa = PBXBuildFile; fileRef = 9481565F2E29042F00C28273 /* ContextualKnowledgeBaseView.swift */; };
		948156622E2904B100C28273 /* YourChildsWorldCard.swift in Sources */ = {isa = PBXBuildFile; fileRef = 948156612E2904B100C28273 /* YourChildsWorldCard.swift */; };
		948156642E2904D200C28273 /* ContextCategoryView.swift in Sources */ = {isa = PBXBuildFile; fileRef = 948156632E2904D200C28273 /* ContextCategoryView.swift */; };
		948156662E2904E100C28273 /* ContextInsightCard.swift in Sources */ = {isa = PBXBuildFile; fileRef = 948156652E2904E100C28273 /* ContextInsightCard.swift */; };
		948156682E2A02FC00C28273 /* ChildRegulationInsight.swift in Sources */ = {isa = PBXBuildFile; fileRef = 948156672E2A02FC00C28273 /* ChildRegulationInsight.swift */; };
		9481566A2E2A108900C28273 /* NoticingWhatMattersCard.swift in Sources */ = {isa = PBXBuildFile; fileRef = 948156692E2A108900C28273 /* NoticingWhatMattersCard.swift */; };
		9481566C2E2A11E200C28273 /* RegulationInsightsView.swift in Sources */ = {isa = PBXBuildFile; fileRef = 9481566B2E2A11E200C28273 /* RegulationInsightsView.swift */; };
		9481566E2E2A12B600C28273 /* RegulationCategoryView.swift in Sources */ = {isa = PBXBuildFile; fileRef = 9481566D2E2A12B600C28273 /* RegulationCategoryView.swift */; };
		948156702E2A12C700C28273 /* RegulationInsightCard.swift in Sources */ = {isa = PBXBuildFile; fileRef = 9481566F2E2A12C700C28273 /* RegulationInsightCard.swift */; };
		948156722E2A1D9800C28273 /* SearchSituationsCard.swift in Sources */ = {isa = PBXBuildFile; fileRef = 948156712E2A1D9800C28273 /* SearchSituationsCard.swift */; };
		948156742E2A1E6800C28273 /* SearchSituationsView.swift in Sources */ = {isa = PBXBuildFile; fileRef = 948156732E2A1E6800C28273 /* SearchSituationsView.swift */; };
		948605C82E111824008D92DE /* TodayEmptyView.swift in Sources */ = {isa = PBXBuildFile; fileRef = 948605C72E111824008D92DE /* TodayEmptyView.swift */; };
		948605CB2E111D1D008D92DE /* TodayTimelineView.swift in Sources */ = {isa = PBXBuildFile; fileRef = 948605CA2E111D1D008D92DE /* TodayTimelineView.swift */; };
		948605CE2E115CB2008D92DE /* AlertView.swift in Sources */ = {isa = PBXBuildFile; fileRef = 948605CD2E115CB2008D92DE /* AlertView.swift */; };
		948605D12E133149008D92DE /* SupabaseManager.swift in Sources */ = {isa = PBXBuildFile; fileRef = 948605D02E133149008D92DE /* SupabaseManager.swift */; };
		948605D42E133217008D92DE /* Supabase in Frameworks */ = {isa = PBXBuildFile; productRef = 948605D32E133217008D92DE /* Supabase */; };
		948605D52E133250008D92DE /* AuthService.swift in Sources */ = {isa = PBXBuildFile; fileRef = 948605D62E133251008D92DE /* AuthService.swift */; };
		949600D42E20F2B1008EC0C0 /* LoadingView.swift in Sources */ = {isa = PBXBuildFile; fileRef = 949600D22E20F2B1008EC0C0 /* LoadingView.swift */; };
		949600D52E20F2B1008EC0C0 /* AppCoordinatorView.swift in Sources */ = {isa = PBXBuildFile; fileRef = 949600D32E20F2B1008EC0C0 /* AppCoordinatorView.swift */; };
		94B3D79C2E16C45B000F1D65 /* TodayViewController.swift in Sources */ = {isa = PBXBuildFile; fileRef = 94B3D79B2E16C45B000F1D65 /* TodayViewController.swift */; };
		94CBD5152E20F80C0014C22A /* FakeFile.swift in Sources */ = {isa = PBXBuildFile; fileRef = 94CBD5142E20F80C0014C22A /* FakeFile.swift */; };
		94FA10C42E056247003EC1E9 /* ParentGuidanceApp.swift in Sources */ = {isa = PBXBuildFile; fileRef = 94FA10C32E056247003EC1E9 /* ParentGuidanceApp.swift */; };
		94FA10C62E056247003EC1E9 /* ContentView.swift in Sources */ = {isa = PBXBuildFile; fileRef = 94FA10C52E056247003EC1E9 /* ContentView.swift */; };
		94FA10C82E056249003EC1E9 /* Assets.xcassets in Resources */ = {isa = PBXBuildFile; fileRef = 94FA10C72E056249003EC1E9 /* Assets.xcassets */; };
		94FA10CB2E056249003EC1E9 /* Preview Assets.xcassets in Resources */ = {isa = PBXBuildFile; fileRef = 94FA10CA2E056249003EC1E9 /* Preview Assets.xcassets */; };
		94FA10D52E056249003EC1E9 /* ParentGuidanceTests.swift in Sources */ = {isa = PBXBuildFile; fileRef = 94FA10D42E056249003EC1E9 /* ParentGuidanceTests.swift */; };
		94FA10DF2E056249003EC1E9 /* ParentGuidanceUITests.swift in Sources */ = {isa = PBXBuildFile; fileRef = 94FA10DE2E056249003EC1E9 /* ParentGuidanceUITests.swift */; };
		94FA10E12E056249003EC1E9 /* ParentGuidanceUITestsLaunchTests.swift in Sources */ = {isa = PBXBuildFile; fileRef = 94FA10E02E056249003EC1E9 /* ParentGuidanceUITestsLaunchTests.swift */; };
		94FA10FB2E05666F003EC1E9 /* ColorPalette.swift in Sources */ = {isa = PBXBuildFile; fileRef = 94FA10FA2E05666F003EC1E9 /* ColorPalette.swift */; };
		94FA10FD2E056C6C003EC1E9 /* WelcomeView.swift in Sources */ = {isa = PBXBuildFile; fileRef = 94FA10FC2E056C6C003EC1E9 /* WelcomeView.swift */; };
		94FA10FF2E056C7A003EC1E9 /* AuthenticationView.swift in Sources */ = {isa = PBXBuildFile; fileRef = 94FA10FE2E056C7A003EC1E9 /* AuthenticationView.swift */; };
		94FA11012E056C93003EC1E9 /* ChildBasicsView.swift in Sources */ = {isa = PBXBuildFile; fileRef = 94FA11002E056C93003EC1E9 /* ChildBasicsView.swift */; };
		94FA11052E056CCA003EC1E9 /* PlanSelectionView.swift in Sources */ = {isa = PBXBuildFile; fileRef = 94FA11042E056CCA003EC1E9 /* PlanSelectionView.swift */; };
		94FA11072E056CFD003EC1E9 /* OnboardingCoordinator.swift in Sources */ = {isa = PBXBuildFile; fileRef = 94FA11062E056CFD003EC1E9 /* OnboardingCoordinator.swift */; };
		94FA11092E056D30003EC1E9 /* PaymentView.swift in Sources */ = {isa = PBXBuildFile; fileRef = 94FA11082E056D30003EC1E9 /* PaymentView.swift */; };
		94FA110B2E056D40003EC1E9 /* APIKeyView.swift in Sources */ = {isa = PBXBuildFile; fileRef = 94FA110A2E056D40003EC1E9 /* APIKeyView.swift */; };
		94FA110D2E05BA00003EC1E9 /* MainTabView.swift in Sources */ = {isa = PBXBuildFile; fileRef = 94FA110C2E05BA00003EC1E9 /* MainTabView.swift */; };
		94FA11102E05C88A003EC1E9 /* TodayView.swift in Sources */ = {isa = PBXBuildFile; fileRef = 94FA110F2E05C88A003EC1E9 /* TodayView.swift */; };
		94FA11122E05C898003EC1E9 /* NewSituationView.swift in Sources */ = {isa = PBXBuildFile; fileRef = 94FA11112E05C898003EC1E9 /* NewSituationView.swift */; };
		94FA11142E05C8A7003EC1E9 /* LibraryView.swift in Sources */ = {isa = PBXBuildFile; fileRef = 94FA11132E05C8A7003EC1E9 /* LibraryView.swift */; };
		94FA11162E05C8B6003EC1E9 /* AlertsView.swift in Sources */ = {isa = PBXBuildFile; fileRef = 94FA11152E05C8B6003EC1E9 /* AlertsView.swift */; };
		94FA11182E05C8C1003EC1E9 /* SettingsView.swift in Sources */ = {isa = PBXBuildFile; fileRef = 94FA11172E05C8C1003EC1E9 /* SettingsView.swift */; };
		94FA111F2E05CBAA003EC1E9 /* SituationInputIdleView.swift in Sources */ = {isa = PBXBuildFile; fileRef = 94FA111E2E05CBAA003EC1E9 /* SituationInputIdleView.swift */; };
		94FA11212E05CBB8003EC1E9 /* SituationTypingView.swift in Sources */ = {isa = PBXBuildFile; fileRef = 94FA11202E05CBB8003EC1E9 /* SituationTypingView.swift */; };
		94FA11252E05CBD4003EC1E9 /* SituationFollowUpView.swift in Sources */ = {isa = PBXBuildFile; fileRef = 94FA11242E05CBD4003EC1E9 /* SituationFollowUpView.swift */; };
		94FA11272E05CBDF003EC1E9 /* SituationOrganizingView.swift in Sources */ = {isa = PBXBuildFile; fileRef = 94FA11262E05CBDF003EC1E9 /* SituationOrganizingView.swift */; };
		94FA112A2E05CBFD003EC1E9 /* ChildBadge.swift in Sources */ = {isa = PBXBuildFile; fileRef = 94FA11292E05CBFD003EC1E9 /* ChildBadge.swift */; };
		94FA112C2E05CC08003EC1E9 /* MicButton.swift in Sources */ = {isa = PBXBuildFile; fileRef = 94FA112B2E05CC08003EC1E9 /* MicButton.swift */; };
		94FA112E2E05CC15003EC1E9 /* SendButton.swift in Sources */ = {isa = PBXBuildFile; fileRef = 94FA112D2E05CC15003EC1E9 /* SendButton.swift */; };
		94FA11302E05CC23003EC1E9 /* InputGuidanceFooter.swift in Sources */ = {isa = PBXBuildFile; fileRef = 94FA112F2E05CC23003EC1E9 /* InputGuidanceFooter.swift */; };
		94FA11322E05CC30003EC1E9 /* ChildHeader.swift in Sources */ = {isa = PBXBuildFile; fileRef = 94FA11312E05CC30003EC1E9 /* ChildHeader.swift */; };
		94FA11332E05CC40003EC1E9 /* RoutineCard.swift in Sources */ = {isa = PBXBuildFile; fileRef = 94FA11332E05CC41003EC1E9 /* RoutineCard.swift */; };
		94FA11342E05CC50003EC1E9 /* GuidanceCard.swift in Sources */ = {isa = PBXBuildFile; fileRef = 94FA11352E05CC51003EC1E9 /* GuidanceCard.swift */; };
		94FA11362E05CC60003EC1E9 /* SituationGuidanceView.swift in Sources */ = {isa = PBXBuildFile; fileRef = 94FA11372E05CC61003EC1E9 /* SituationGuidanceView.swift */; };
		94FA113A2E05CC80003EC1E9 /* NotificationCard.swift in Sources */ = {isa = PBXBuildFile; fileRef = 94FA113B2E05CC81003EC1E9 /* NotificationCard.swift */; };
		94FA113C2E05CC90003EC1E9 /* SearchBar.swift in Sources */ = {isa = PBXBuildFile; fileRef = 94FA113D2E05CC91003EC1E9 /* SearchBar.swift */; };
		94FA113E2E05CCA0003EC1E9 /* FoundationToolCard.swift in Sources */ = {isa = PBXBuildFile; fileRef = 94FA113F2E05CCA1003EC1E9 /* FoundationToolCard.swift */; };
		94FA11402E05CCB0003EC1E9 /* SituationCard.swift in Sources */ = {isa = PBXBuildFile; fileRef = 94FA11412E05CCB1003EC1E9 /* SituationCard.swift */; };
/* End PBXBuildFile section */

/* Begin PBXContainerItemProxy section */
		94FA10D12E056249003EC1E9 /* PBXContainerItemProxy */ = {
			isa = PBXContainerItemProxy;
			containerPortal = 94FA10B82E056247003EC1E9 /* Project object */;
			proxyType = 1;
			remoteGlobalIDString = 94FA10BF2E056247003EC1E9;
			remoteInfo = ParentGuidance;
		};
		94FA10DB2E056249003EC1E9 /* PBXContainerItemProxy */ = {
			isa = PBXContainerItemProxy;
			containerPortal = 94FA10B82E056247003EC1E9 /* Project object */;
			proxyType = 1;
			remoteGlobalIDString = 94FA10BF2E056247003EC1E9;
			remoteInfo = ParentGuidance;
		};
/* End PBXContainerItemProxy section */

/* Begin PBXFileReference section */
		9437929D2E1BE9340089F512 /* FrameworkGenerationService.swift */ = {isa = PBXFileReference; lastKnownFileType = sourcecode.swift; path = FrameworkGenerationService.swift; sourceTree = "<group>"; };
		9437929F2E1BE94A0089F512 /* FrameworkStorageService.swift */ = {isa = PBXFileReference; lastKnownFileType = sourcecode.swift; path = FrameworkStorageService.swift; sourceTree = "<group>"; };
		943792A22E1BE9850089F512 /* LibrarySelectionManager.swift */ = {isa = PBXFileReference; lastKnownFileType = sourcecode.swift; path = LibrarySelectionManager.swift; sourceTree = "<group>"; };
		943792A42E1BE9970089F512 /* FrameworkRecommendationView.swift */ = {isa = PBXFileReference; lastKnownFileType = sourcecode.swift; path = FrameworkRecommendationView.swift; sourceTree = "<group>"; };
		943792A62E1BE9A90089F512 /* FrameworkRecommendation.swift */ = {isa = PBXFileReference; lastKnownFileType = sourcecode.swift; path = FrameworkRecommendation.swift; sourceTree = "<group>"; };
		943792A82E1C2B610089F512 /* TabNavigationManager.swift */ = {isa = PBXFileReference; fileEncoding = 4; lastKnownFileType = sourcecode.swift; path = TabNavigationManager.swift; sourceTree = "<group>"; };
		943792AA2E1C34520089F512 /* FrameworkGeneratingView.swift */ = {isa = PBXFileReference; lastKnownFileType = sourcecode.swift; path = FrameworkGeneratingView.swift; sourceTree = "<group>"; };
		943DFD712E17CBE3004F8043 /* LibraryViewController.swift */ = {isa = PBXFileReference; lastKnownFileType = sourcecode.swift; path = LibraryViewController.swift; sourceTree = "<group>"; };
		943DFD732E180D40004F8043 /* SituationDetailView.swift */ = {isa = PBXFileReference; fileEncoding = 4; lastKnownFileType = sourcecode.swift; path = SituationDetailView.swift; sourceTree = "<group>"; };
		943DFD762E1823A5004F8043 /* LibraryFilters.swift */ = {isa = PBXFileReference; lastKnownFileType = sourcecode.swift; path = LibraryFilters.swift; sourceTree = "<group>"; };
		943DFD782E182630004F8043 /* SearchFilterView.swift */ = {isa = PBXFileReference; lastKnownFileType = sourcecode.swift; path = SearchFilterView.swift; sourceTree = "<group>"; };
		943DFD7A2E182640004F8043 /* SortDropdown.swift */ = {isa = PBXFileReference; lastKnownFileType = sourcecode.swift; path = SortDropdown.swift; sourceTree = "<group>"; };
		943DFD7C2E182650004F8043 /* CategoryFilterChips.swift */ = {isa = PBXFileReference; lastKnownFileType = sourcecode.swift; path = CategoryFilterChips.swift; sourceTree = "<group>"; };
		943DFD7E2E18265C004F8043 /* SearchStatesView.swift */ = {isa = PBXFileReference; lastKnownFileType = sourcecode.swift; path = SearchStatesView.swift; sourceTree = "<group>"; };
		943DFD802E18266B004F8043 /* LibraryHeaderView.swift */ = {isa = PBXFileReference; lastKnownFileType = sourcecode.swift; path = LibraryHeaderView.swift; sourceTree = "<group>"; };
		943DFD822E182676004F8043 /* FilterButton.swift */ = {isa = PBXFileReference; lastKnownFileType = sourcecode.swift; path = FilterButton.swift; sourceTree = "<group>"; };
		943DFD842E182684004F8043 /* SearchHistoryView.swift */ = {isa = PBXFileReference; lastKnownFileType = sourcecode.swift; path = SearchHistoryView.swift; sourceTree = "<group>"; };
		943DFD862E182690004F8043 /* BulkActionBar.swift */ = {isa = PBXFileReference; lastKnownFileType = sourcecode.swift; path = BulkActionBar.swift; sourceTree = "<group>"; };
		943DFD882E18269D004F8043 /* ExportSheet.swift */ = {isa = PBXFileReference; lastKnownFileType = sourcecode.swift; path = ExportSheet.swift; sourceTree = "<group>"; };
		943DFD8A2E1826AF004F8043 /* ConfirmationDialog.swift */ = {isa = PBXFileReference; lastKnownFileType = sourcecode.swift; path = ConfirmationDialog.swift; sourceTree = "<group>"; };
		943DFD8C2E1A856E004F8043 /* UserProfile.swift */ = {isa = PBXFileReference; fileEncoding = 4; lastKnownFileType = sourcecode.swift; path = UserProfile.swift; sourceTree = "<group>"; };
		943DFD8D2E1A856E004F8043 /* Child.swift */ = {isa = PBXFileReference; fileEncoding = 4; lastKnownFileType = sourcecode.swift; path = Child.swift; sourceTree = "<group>"; };
		943DFD902E1A858D004F8043 /* Situation.swift */ = {isa = PBXFileReference; lastKnownFileType = sourcecode.swift; path = Situation.swift; sourceTree = "<group>"; };
		943DFD922E1A85A2004F8043 /* Guidance.swift */ = {isa = PBXFileReference; lastKnownFileType = sourcecode.swift; path = Guidance.swift; sourceTree = "<group>"; };
		943DFD942E1A85B9004F8043 /* AppCoordinator.swift */ = {isa = PBXFileReference; fileEncoding = 4; lastKnownFileType = sourcecode.swift; path = AppCoordinator.swift; sourceTree = "<group>"; };
		943DFD952E1A85B9004F8043 /* OpenAIService.swift */ = {isa = PBXFileReference; fileEncoding = 4; lastKnownFileType = sourcecode.swift; path = OpenAIService.swift; sourceTree = "<group>"; };
		943DFD9A2E1A85EE004F8043 /* ConversationService.swift */ = {isa = PBXFileReference; lastKnownFileType = sourcecode.swift; path = ConversationService.swift; sourceTree = "<group>"; };
		943DFD9C2E1A863A004F8043 /* DatabaseService.swift */ = {isa = PBXFileReference; lastKnownFileType = sourcecode.swift; path = DatabaseService.swift; sourceTree = "<group>"; };
		943DFDA12E1A86A4004F8043 /* OnboardingManager.swift */ = {isa = PBXFileReference; lastKnownFileType = sourcecode.swift; path = OnboardingManager.swift; sourceTree = "<group>"; };
		944EA1A72E2B30E000C110AF /* Localizable.xcstrings */ = {isa = PBXFileReference; lastKnownFileType = text.json.xcstrings; path = Localizable.xcstrings; sourceTree = "<group>"; };
		944EA1A92E2B566400C110AF /* FamilyLanguageService.swift */ = {isa = PBXFileReference; lastKnownFileType = sourcecode.swift; path = FamilyLanguageService.swift; sourceTree = "<group>"; };
		944EA1AB2E2B567A00C110AF /* LanguageDetectionService.swift */ = {isa = PBXFileReference; lastKnownFileType = sourcecode.swift; path = LanguageDetectionService.swift; sourceTree = "<group>"; };
		944EA1AD2E2B652D00C110AF /* TranslationService.swift */ = {isa = PBXFileReference; lastKnownFileType = sourcecode.swift; path = TranslationService.swift; sourceTree = "<group>"; };
		944EA1AF2E2B653D00C110AF /* FamilyInvitationService.swift */ = {isa = PBXFileReference; lastKnownFileType = sourcecode.swift; path = FamilyInvitationService.swift; sourceTree = "<group>"; };
		944EA1B12E2B6BB100C110AF /* FamilyChoiceView.swift */ = {isa = PBXFileReference; lastKnownFileType = sourcecode.swift; path = FamilyChoiceView.swift; sourceTree = "<group>"; };
		944EA1B32E2B6BBE00C110AF /* JoinFamilyView.swift */ = {isa = PBXFileReference; lastKnownFileType = sourcecode.swift; path = JoinFamilyView.swift; sourceTree = "<group>"; };
		944EA1B52E2B70AC00C110AF /* TranslationQueueManager.swift */ = {isa = PBXFileReference; lastKnownFileType = sourcecode.swift; path = TranslationQueueManager.swift; sourceTree = "<group>"; };
		944EA1B72E2B77C400C110AF /* ContentDisplayService.swift */ = {isa = PBXFileReference; lastKnownFileType = sourcecode.swift; path = ContentDisplayService.swift; sourceTree = "<group>"; };
		944EA1B92E2B822C00C110AF /* TranslationStrategySelectionView.swift */ = {isa = PBXFileReference; lastKnownFileType = sourcecode.swift; path = TranslationStrategySelectionView.swift; sourceTree = "<group>"; };
		944EA1BB2E2B865900C110AF /* FamilyManagementView.swift */ = {isa = PBXFileReference; lastKnownFileType = sourcecode.swift; path = FamilyManagementView.swift; sourceTree = "<group>"; };
		944EA1BD2E2BE6EA00C110AF /* extracted_english_strings.geojson */ = {isa = PBXFileReference; lastKnownFileType = text; path = extracted_english_strings.geojson; sourceTree = "<group>"; };
		944EA1BF2E2CB5E400C110AF /* vercel-ai-sdk.md */ = {isa = PBXFileReference; lastKnownFileType = net.daringfireball.markdown; path = "vercel-ai-sdk.md"; sourceTree = "<group>"; };
		944EA1C02E2CC63900C110AF /* cli-latest */ = {isa = PBXFileReference; fileEncoding = 4; lastKnownFileType = text; path = "cli-latest"; sourceTree = "<group>"; };
		944EA1C12E2CC63900C110AF /* gotrue-version */ = {isa = PBXFileReference; fileEncoding = 4; lastKnownFileType = text; path = "gotrue-version"; sourceTree = "<group>"; };
		944EA1C22E2CC63900C110AF /* pooler-url */ = {isa = PBXFileReference; fileEncoding = 4; lastKnownFileType = text; path = "pooler-url"; sourceTree = "<group>"; };
		944EA1C32E2CC63900C110AF /* postgres-version */ = {isa = PBXFileReference; fileEncoding = 4; lastKnownFileType = text; path = "postgres-version"; sourceTree = "<group>"; };
		944EA1C42E2CC63900C110AF /* project-ref */ = {isa = PBXFileReference; fileEncoding = 4; lastKnownFileType = text; path = "project-ref"; sourceTree = "<group>"; };
		944EA1C52E2CC63900C110AF /* rest-version */ = {isa = PBXFileReference; fileEncoding = 4; lastKnownFileType = text; path = "rest-version"; sourceTree = "<group>"; };
		944EA1C62E2CC63900C110AF /* storage-version */ = {isa = PBXFileReference; fileEncoding = 4; lastKnownFileType = text; path = "storage-version"; sourceTree = "<group>"; };
		944EA1C82E2CC63900C110AF /* .npmrc */ = {isa = PBXFileReference; fileEncoding = 4; lastKnownFileType = text; path = .npmrc; sourceTree = "<group>"; };
		944EA1C92E2CC63900C110AF /* deno.json */ = {isa = PBXFileReference; fileEncoding = 4; lastKnownFileType = text.json; path = deno.json; sourceTree = "<group>"; };
		944EA1CA2E2CC63900C110AF /* index.ts */ = {isa = PBXFileReference; fileEncoding = 4; lastKnownFileType = sourcecode.typescript; path = index.ts; sourceTree = "<group>"; };
		944EA1CD2E2CC63900C110AF /* .gitignore */ = {isa = PBXFileReference; fileEncoding = 4; lastKnownFileType = text; path = .gitignore; sourceTree = "<group>"; };
		944EA1CE2E2CC63900C110AF /* config.toml */ = {isa = PBXFileReference; fileEncoding = 4; lastKnownFileType = text; path = config.toml; sourceTree = "<group>"; };
		944EA1DC2E2CCFBC00C110AF /* translationPrompt.ts */ = {isa = PBXFileReference; fileEncoding = 4; lastKnownFileType = sourcecode.typescript; path = translationPrompt.ts; sourceTree = "<group>"; };
		944EA1DD2E2CCFBC00C110AF /* situationAnalysisPrompt.ts */ = {isa = PBXFileReference; fileEncoding = 4; lastKnownFileType = sourcecode.typescript; path = situationAnalysisPrompt.ts; sourceTree = "<group>"; };
		944EA1DE2E2CCFBC00C110AF /* guidancePrompt.ts */ = {isa = PBXFileReference; fileEncoding = 4; lastKnownFileType = sourcecode.typescript; path = guidancePrompt.ts; sourceTree = "<group>"; };
		944EA1DF2E2CCFBC00C110AF /* contextExtractionPrompt.ts */ = {isa = PBXFileReference; fileEncoding = 4; lastKnownFileType = sourcecode.typescript; path = contextExtractionPrompt.ts; sourceTree = "<group>"; };
		944EA1E02E2CCFBC00C110AF /* frameworkPrompt.ts */ = {isa = PBXFileReference; fileEncoding = 4; lastKnownFileType = sourcecode.typescript; path = frameworkPrompt.ts; sourceTree = "<group>"; };
		944EA1E12E2CD35400C110AF /* EdgeFunctionService.swift */ = {isa = PBXFileReference; lastKnownFileType = sourcecode.swift; path = EdgeFunctionService.swift; sourceTree = "<group>"; };
		944EA1E32E2CDCE100C110AF /* GuidanceGenerationService.swift */ = {isa = PBXFileReference; lastKnownFileType = sourcecode.swift; path = GuidanceGenerationService.swift; sourceTree = "<group>"; };
		944EA1E52E2CF75000C110AF /* promptTemplates.json */ = {isa = PBXFileReference; fileEncoding = 4; lastKnownFileType = text.json; path = promptTemplates.json; sourceTree = "<group>"; };
		944EA1E72E2CF8DC00C110AF /* promptTemplates.ts */ = {isa = PBXFileReference; fileEncoding = 4; lastKnownFileType = sourcecode.typescript; path = promptTemplates.ts; sourceTree = "<group>"; };
		944EA1E82E2DE4A900C110AF /* SettingsFrameworkState.swift */ = {isa = PBXFileReference; lastKnownFileType = sourcecode.swift; path = SettingsFrameworkState.swift; sourceTree = "<group>"; };
		944EA1EA2E2DE6A800C110AF /* SettingsViewState.swift */ = {isa = PBXFileReference; lastKnownFileType = sourcecode.swift; path = SettingsViewState.swift; sourceTree = "<group>"; };
		944EA1ED2E2DE91400C110AF /* FoundationToolsSection.swift */ = {isa = PBXFileReference; lastKnownFileType = sourcecode.swift; path = FoundationToolsSection.swift; sourceTree = "<group>"; };
		944EA1EF2E2DEBAC00C110AF /* FamilyLanguageSection.swift */ = {isa = PBXFileReference; lastKnownFileType = sourcecode.swift; path = FamilyLanguageSection.swift; sourceTree = "<group>"; };
		944EA1F12E2DEE1E00C110AF /* DeveloperSection.swift */ = {isa = PBXFileReference; lastKnownFileType = sourcecode.swift; path = DeveloperSection.swift; sourceTree = "<group>"; };
		944EA1F22E2DEE1F00C110AF /* PrivacyDataSection.swift */ = {isa = PBXFileReference; lastKnownFileType = sourcecode.swift; path = PrivacyDataSection.swift; sourceTree = "<group>"; };
		944EA1F32E2DF62C00C110AF /* GuidanceStructureSection.swift */ = {isa = PBXFileReference; lastKnownFileType = sourcecode.swift; path = GuidanceStructureSection.swift; sourceTree = "<group>"; };
		944EA1F52E2DF87900C110AF /* ChildProfileSection.swift */ = {isa = PBXFileReference; lastKnownFileType = sourcecode.swift; path = ChildProfileSection.swift; sourceTree = "<group>"; };
		944EA1F72E2DF94600C110AF /* AccountSection.swift */ = {isa = PBXFileReference; lastKnownFileType = sourcecode.swift; path = AccountSection.swift; sourceTree = "<group>"; };
		944EA1F92E2DFD4E00C110AF /* HelpSupportSection.swift */ = {isa = PBXFileReference; lastKnownFileType = sourcecode.swift; path = HelpSupportSection.swift; sourceTree = "<group>"; };
		944EA1FC2E2DFEDB00C110AF /* GuidanceModeCard.swift */ = {isa = PBXFileReference; lastKnownFileType = sourcecode.swift; path = GuidanceModeCard.swift; sourceTree = "<group>"; };
		944EA1FE2E2E018B00C110AF /* FrameworkCard.swift */ = {isa = PBXFileReference; lastKnownFileType = sourcecode.swift; path = FrameworkCard.swift; sourceTree = "<group>"; };
		944EA2002E2E02B300C110AF /* LanguageSelectionView.swift */ = {isa = PBXFileReference; lastKnownFileType = sourcecode.swift; path = LanguageSelectionView.swift; sourceTree = "<group>"; };
		944EA2022E2E04BD00C110AF /* LanguageOptionRow.swift */ = {isa = PBXFileReference; lastKnownFileType = sourcecode.swift; path = LanguageOptionRow.swift; sourceTree = "<group>"; };
		944EA2042E2E06B000C110AF /* PrivacyPolicyView.swift */ = {isa = PBXFileReference; lastKnownFileType = sourcecode.swift; path = PrivacyPolicyView.swift; sourceTree = "<group>"; };
		944EA2062E2E0E6E00C110AF /* SignOutConfirmationView.swift */ = {isa = PBXFileReference; lastKnownFileType = sourcecode.swift; path = SignOutConfirmationView.swift; sourceTree = "<group>"; };
		944EA2082E2E0EDB00C110AF /* DeleteAccountConfirmationView.swift */ = {isa = PBXFileReference; lastKnownFileType = sourcecode.swift; path = DeleteAccountConfirmationView.swift; sourceTree = "<group>"; };
		944EA20A2E2E0FDE00C110AF /* DeleteConfirmationTextField.swift */ = {isa = PBXFileReference; lastKnownFileType = sourcecode.swift; path = DeleteConfirmationTextField.swift; sourceTree = "<group>"; };
		944EA20C2E2E125F00C110AF /* SettingsDataService.swift */ = {isa = PBXFileReference; lastKnownFileType = sourcecode.swift; path = SettingsDataService.swift; sourceTree = "<group>"; };
		944EA20E2E2E126B00C110AF /* SettingsAccountService.swift */ = {isa = PBXFileReference; lastKnownFileType = sourcecode.swift; path = SettingsAccountService.swift; sourceTree = "<group>"; };
		944EA2102E2E127600C110AF /* SettingsFormatterService.swift */ = {isa = PBXFileReference; lastKnownFileType = sourcecode.swift; path = SettingsFormatterService.swift; sourceTree = "<group>"; };
		944EA2122E2E128100C110AF /* SettingsUtilityService.swift */ = {isa = PBXFileReference; lastKnownFileType = sourcecode.swift; path = SettingsUtilityService.swift; sourceTree = "<group>"; };
		9481564B2E23CDC000C28273 /* ChildProfileEditView.swift */ = {isa = PBXFileReference; lastKnownFileType = sourcecode.swift; path = ChildProfileEditView.swift; sourceTree = "<group>"; };
		9481564D2E25334C00C28273 /* AudioPermissionManager.swift */ = {isa = PBXFileReference; lastKnownFileType = sourcecode.swift; path = AudioPermissionManager.swift; sourceTree = "<group>"; };
		9481564F2E2533EE00C28273 /* VoiceRecorderError.swift */ = {isa = PBXFileReference; lastKnownFileType = sourcecode.swift; path = VoiceRecorderError.swift; sourceTree = "<group>"; };
		948156512E25370900C28273 /* VoiceRecorderService.swift */ = {isa = PBXFileReference; lastKnownFileType = sourcecode.swift; path = VoiceRecorderService.swift; sourceTree = "<group>"; };
		948156532E253D4400C28273 /* VoiceRecorderDelegate.swift */ = {isa = PBXFileReference; lastKnownFileType = sourcecode.swift; path = VoiceRecorderDelegate.swift; sourceTree = "<group>"; };
		948156552E2762BA00C28273 /* DynamicGuidanceModels.swift */ = {isa = PBXFileReference; lastKnownFileType = sourcecode.swift; path = DynamicGuidanceModels.swift; sourceTree = "<group>"; };
		948156572E2762C700C28273 /* GuidanceStructureSettings.swift */ = {isa = PBXFileReference; lastKnownFileType = sourcecode.swift; path = GuidanceStructureSettings.swift; sourceTree = "<group>"; };
		948156592E2773FC00C28273 /* DynamicGuidanceParser.swift */ = {isa = PBXFileReference; lastKnownFileType = sourcecode.swift; path = DynamicGuidanceParser.swift; sourceTree = "<group>"; };
		9481565B2E29019600C28273 /* ContextualInsight.swift */ = {isa = PBXFileReference; lastKnownFileType = sourcecode.swift; path = ContextualInsight.swift; sourceTree = "<group>"; };
		9481565D2E29023B00C28273 /* ContextualInsightService.swift */ = {isa = PBXFileReference; lastKnownFileType = sourcecode.swift; path = ContextualInsightService.swift; sourceTree = "<group>"; };
		9481565F2E29042F00C28273 /* ContextualKnowledgeBaseView.swift */ = {isa = PBXFileReference; lastKnownFileType = sourcecode.swift; path = ContextualKnowledgeBaseView.swift; sourceTree = "<group>"; };
		948156612E2904B100C28273 /* YourChildsWorldCard.swift */ = {isa = PBXFileReference; fileEncoding = 4; lastKnownFileType = sourcecode.swift; path = YourChildsWorldCard.swift; sourceTree = "<group>"; };
		948156632E2904D200C28273 /* ContextCategoryView.swift */ = {isa = PBXFileReference; lastKnownFileType = sourcecode.swift; path = ContextCategoryView.swift; sourceTree = "<group>"; };
		948156652E2904E100C28273 /* ContextInsightCard.swift */ = {isa = PBXFileReference; lastKnownFileType = sourcecode.swift; path = ContextInsightCard.swift; sourceTree = "<group>"; };
		948156672E2A02FC00C28273 /* ChildRegulationInsight.swift */ = {isa = PBXFileReference; lastKnownFileType = sourcecode.swift; path = ChildRegulationInsight.swift; sourceTree = "<group>"; };
		948156692E2A108900C28273 /* NoticingWhatMattersCard.swift */ = {isa = PBXFileReference; lastKnownFileType = sourcecode.swift; path = NoticingWhatMattersCard.swift; sourceTree = "<group>"; };
		9481566B2E2A11E200C28273 /* RegulationInsightsView.swift */ = {isa = PBXFileReference; lastKnownFileType = sourcecode.swift; path = RegulationInsightsView.swift; sourceTree = "<group>"; };
		9481566D2E2A12B600C28273 /* RegulationCategoryView.swift */ = {isa = PBXFileReference; lastKnownFileType = sourcecode.swift; path = RegulationCategoryView.swift; sourceTree = "<group>"; };
		9481566F2E2A12C700C28273 /* RegulationInsightCard.swift */ = {isa = PBXFileReference; lastKnownFileType = sourcecode.swift; path = RegulationInsightCard.swift; sourceTree = "<group>"; };
		948156712E2A1D9800C28273 /* SearchSituationsCard.swift */ = {isa = PBXFileReference; lastKnownFileType = sourcecode.swift; path = SearchSituationsCard.swift; sourceTree = "<group>"; };
		948156732E2A1E6800C28273 /* SearchSituationsView.swift */ = {isa = PBXFileReference; lastKnownFileType = sourcecode.swift; path = SearchSituationsView.swift; sourceTree = "<group>"; };
		948605C72E111824008D92DE /* TodayEmptyView.swift */ = {isa = PBXFileReference; lastKnownFileType = sourcecode.swift; path = TodayEmptyView.swift; sourceTree = "<group>"; };
		948605CA2E111D1D008D92DE /* TodayTimelineView.swift */ = {isa = PBXFileReference; lastKnownFileType = sourcecode.swift; path = TodayTimelineView.swift; sourceTree = "<group>"; };
		948605CD2E115CB2008D92DE /* AlertView.swift */ = {isa = PBXFileReference; lastKnownFileType = sourcecode.swift; path = AlertView.swift; sourceTree = "<group>"; };
		948605D02E133149008D92DE /* SupabaseManager.swift */ = {isa = PBXFileReference; lastKnownFileType = sourcecode.swift; path = SupabaseManager.swift; sourceTree = "<group>"; };
		948605D62E133251008D92DE /* AuthService.swift */ = {isa = PBXFileReference; lastKnownFileType = sourcecode.swift; path = AuthService.swift; sourceTree = "<group>"; };
		949600D22E20F2B1008EC0C0 /* LoadingView.swift */ = {isa = PBXFileReference; fileEncoding = 4; lastKnownFileType = sourcecode.swift; path = LoadingView.swift; sourceTree = "<group>"; };
		949600D32E20F2B1008EC0C0 /* AppCoordinatorView.swift */ = {isa = PBXFileReference; fileEncoding = 4; lastKnownFileType = sourcecode.swift; path = AppCoordinatorView.swift; sourceTree = "<group>"; };
		94B3D79B2E16C45B000F1D65 /* TodayViewController.swift */ = {isa = PBXFileReference; lastKnownFileType = sourcecode.swift; path = TodayViewController.swift; sourceTree = "<group>"; };
		94CBD5142E20F80C0014C22A /* FakeFile.swift */ = {isa = PBXFileReference; fileEncoding = 4; lastKnownFileType = sourcecode.swift; path = FakeFile.swift; sourceTree = "<group>"; };
		94FA10C02E056247003EC1E9 /* ParentGuidance.app */ = {isa = PBXFileReference; explicitFileType = wrapper.application; includeInIndex = 0; path = ParentGuidance.app; sourceTree = BUILT_PRODUCTS_DIR; };
		94FA10C32E056247003EC1E9 /* ParentGuidanceApp.swift */ = {isa = PBXFileReference; lastKnownFileType = sourcecode.swift; path = ParentGuidanceApp.swift; sourceTree = "<group>"; };
		94FA10C52E056247003EC1E9 /* ContentView.swift */ = {isa = PBXFileReference; lastKnownFileType = sourcecode.swift; path = ContentView.swift; sourceTree = "<group>"; };
		94FA10C72E056249003EC1E9 /* Assets.xcassets */ = {isa = PBXFileReference; lastKnownFileType = folder.assetcatalog; path = Assets.xcassets; sourceTree = "<group>"; };
		94FA10CA2E056249003EC1E9 /* Preview Assets.xcassets */ = {isa = PBXFileReference; lastKnownFileType = folder.assetcatalog; path = "Preview Assets.xcassets"; sourceTree = "<group>"; };
		94FA10D02E056249003EC1E9 /* ParentGuidanceTests.xctest */ = {isa = PBXFileReference; explicitFileType = wrapper.cfbundle; includeInIndex = 0; path = ParentGuidanceTests.xctest; sourceTree = BUILT_PRODUCTS_DIR; };
		94FA10D42E056249003EC1E9 /* ParentGuidanceTests.swift */ = {isa = PBXFileReference; lastKnownFileType = sourcecode.swift; path = ParentGuidanceTests.swift; sourceTree = "<group>"; };
		94FA10DA2E056249003EC1E9 /* ParentGuidanceUITests.xctest */ = {isa = PBXFileReference; explicitFileType = wrapper.cfbundle; includeInIndex = 0; path = ParentGuidanceUITests.xctest; sourceTree = BUILT_PRODUCTS_DIR; };
		94FA10DE2E056249003EC1E9 /* ParentGuidanceUITests.swift */ = {isa = PBXFileReference; lastKnownFileType = sourcecode.swift; path = ParentGuidanceUITests.swift; sourceTree = "<group>"; };
		94FA10E02E056249003EC1E9 /* ParentGuidanceUITestsLaunchTests.swift */ = {isa = PBXFileReference; lastKnownFileType = sourcecode.swift; path = ParentGuidanceUITestsLaunchTests.swift; sourceTree = "<group>"; };
		94FA10FA2E05666F003EC1E9 /* ColorPalette.swift */ = {isa = PBXFileReference; lastKnownFileType = sourcecode.swift; path = ColorPalette.swift; sourceTree = "<group>"; };
		94FA10FC2E056C6C003EC1E9 /* WelcomeView.swift */ = {isa = PBXFileReference; lastKnownFileType = sourcecode.swift; path = WelcomeView.swift; sourceTree = "<group>"; };
		94FA10FE2E056C7A003EC1E9 /* AuthenticationView.swift */ = {isa = PBXFileReference; lastKnownFileType = sourcecode.swift; path = AuthenticationView.swift; sourceTree = "<group>"; };
		94FA11002E056C93003EC1E9 /* ChildBasicsView.swift */ = {isa = PBXFileReference; lastKnownFileType = sourcecode.swift; path = ChildBasicsView.swift; sourceTree = "<group>"; };
		94FA11042E056CCA003EC1E9 /* PlanSelectionView.swift */ = {isa = PBXFileReference; lastKnownFileType = sourcecode.swift; path = PlanSelectionView.swift; sourceTree = "<group>"; };
		94FA11062E056CFD003EC1E9 /* OnboardingCoordinator.swift */ = {isa = PBXFileReference; lastKnownFileType = sourcecode.swift; path = OnboardingCoordinator.swift; sourceTree = "<group>"; };
		94FA11082E056D30003EC1E9 /* PaymentView.swift */ = {isa = PBXFileReference; lastKnownFileType = sourcecode.swift; path = PaymentView.swift; sourceTree = "<group>"; };
		94FA110A2E056D40003EC1E9 /* APIKeyView.swift */ = {isa = PBXFileReference; lastKnownFileType = sourcecode.swift; path = APIKeyView.swift; sourceTree = "<group>"; };
		94FA110C2E05BA00003EC1E9 /* MainTabView.swift */ = {isa = PBXFileReference; lastKnownFileType = sourcecode.swift; path = MainTabView.swift; sourceTree = "<group>"; };
		94FA110F2E05C88A003EC1E9 /* TodayView.swift */ = {isa = PBXFileReference; lastKnownFileType = sourcecode.swift; path = TodayView.swift; sourceTree = "<group>"; };
		94FA11112E05C898003EC1E9 /* NewSituationView.swift */ = {isa = PBXFileReference; lastKnownFileType = sourcecode.swift; path = NewSituationView.swift; sourceTree = "<group>"; };
		94FA11132E05C8A7003EC1E9 /* LibraryView.swift */ = {isa = PBXFileReference; lastKnownFileType = sourcecode.swift; path = LibraryView.swift; sourceTree = "<group>"; };
		94FA11152E05C8B6003EC1E9 /* AlertsView.swift */ = {isa = PBXFileReference; lastKnownFileType = sourcecode.swift; path = AlertsView.swift; sourceTree = "<group>"; };
		94FA11172E05C8C1003EC1E9 /* SettingsView.swift */ = {isa = PBXFileReference; lastKnownFileType = sourcecode.swift; path = SettingsView.swift; sourceTree = "<group>"; };
		94FA111E2E05CBAA003EC1E9 /* SituationInputIdleView.swift */ = {isa = PBXFileReference; lastKnownFileType = sourcecode.swift; path = SituationInputIdleView.swift; sourceTree = "<group>"; };
		94FA11202E05CBB8003EC1E9 /* SituationTypingView.swift */ = {isa = PBXFileReference; lastKnownFileType = sourcecode.swift; path = SituationTypingView.swift; sourceTree = "<group>"; };
		94FA11242E05CBD4003EC1E9 /* SituationFollowUpView.swift */ = {isa = PBXFileReference; lastKnownFileType = sourcecode.swift; path = SituationFollowUpView.swift; sourceTree = "<group>"; };
		94FA11262E05CBDF003EC1E9 /* SituationOrganizingView.swift */ = {isa = PBXFileReference; lastKnownFileType = sourcecode.swift; path = SituationOrganizingView.swift; sourceTree = "<group>"; };
		94FA11292E05CBFD003EC1E9 /* ChildBadge.swift */ = {isa = PBXFileReference; lastKnownFileType = sourcecode.swift; path = ChildBadge.swift; sourceTree = "<group>"; };
		94FA112B2E05CC08003EC1E9 /* MicButton.swift */ = {isa = PBXFileReference; lastKnownFileType = sourcecode.swift; path = MicButton.swift; sourceTree = "<group>"; };
		94FA112D2E05CC15003EC1E9 /* SendButton.swift */ = {isa = PBXFileReference; lastKnownFileType = sourcecode.swift; path = SendButton.swift; sourceTree = "<group>"; };
		94FA112F2E05CC23003EC1E9 /* InputGuidanceFooter.swift */ = {isa = PBXFileReference; lastKnownFileType = sourcecode.swift; path = InputGuidanceFooter.swift; sourceTree = "<group>"; };
		94FA11312E05CC30003EC1E9 /* ChildHeader.swift */ = {isa = PBXFileReference; lastKnownFileType = sourcecode.swift; path = ChildHeader.swift; sourceTree = "<group>"; };
		94FA11332E05CC41003EC1E9 /* RoutineCard.swift */ = {isa = PBXFileReference; lastKnownFileType = sourcecode.swift; path = RoutineCard.swift; sourceTree = "<group>"; };
		94FA11352E05CC51003EC1E9 /* GuidanceCard.swift */ = {isa = PBXFileReference; lastKnownFileType = sourcecode.swift; path = GuidanceCard.swift; sourceTree = "<group>"; };
		94FA11372E05CC61003EC1E9 /* SituationGuidanceView.swift */ = {isa = PBXFileReference; lastKnownFileType = sourcecode.swift; path = SituationGuidanceView.swift; sourceTree = "<group>"; };
		94FA113B2E05CC81003EC1E9 /* NotificationCard.swift */ = {isa = PBXFileReference; lastKnownFileType = sourcecode.swift; path = NotificationCard.swift; sourceTree = "<group>"; };
		94FA113D2E05CC91003EC1E9 /* SearchBar.swift */ = {isa = PBXFileReference; lastKnownFileType = sourcecode.swift; path = SearchBar.swift; sourceTree = "<group>"; };
		94FA113F2E05CCA1003EC1E9 /* FoundationToolCard.swift */ = {isa = PBXFileReference; lastKnownFileType = sourcecode.swift; path = FoundationToolCard.swift; sourceTree = "<group>"; };
		94FA11412E05CCB1003EC1E9 /* SituationCard.swift */ = {isa = PBXFileReference; lastKnownFileType = sourcecode.swift; path = SituationCard.swift; sourceTree = "<group>"; };
/* End PBXFileReference section */

/* Begin PBXFrameworksBuildPhase section */
		94FA10BD2E056247003EC1E9 /* Frameworks */ = {
			isa = PBXFrameworksBuildPhase;
			buildActionMask = 2147483647;
			files = (
				948605D42E133217008D92DE /* Supabase in Frameworks */,
			);
			runOnlyForDeploymentPostprocessing = 0;
		};
		94FA10CD2E056249003EC1E9 /* Frameworks */ = {
			isa = PBXFrameworksBuildPhase;
			buildActionMask = 2147483647;
			files = (
			);
			runOnlyForDeploymentPostprocessing = 0;
		};
		94FA10D72E056249003EC1E9 /* Frameworks */ = {
			isa = PBXFrameworksBuildPhase;
			buildActionMask = 2147483647;
			files = (
			);
			runOnlyForDeploymentPostprocessing = 0;
		};
/* End PBXFrameworksBuildPhase section */

/* Begin PBXGroup section */
		943792A12E1BE9750089F512 /* Managers */ = {
			isa = PBXGroup;
			children = (
				943792A22E1BE9850089F512 /* LibrarySelectionManager.swift */,
			);
			path = Managers;
			sourceTree = "<group>";
		};
		943DFD752E18238E004F8043 /* Models */ = {
			isa = PBXGroup;
			children = (
				943DFD762E1823A5004F8043 /* LibraryFilters.swift */,
			);
			path = Models;
			sourceTree = "<group>";
		};
		943DFD9E2E1A8671004F8043 /* Managers */ = {
			isa = PBXGroup;
			children = (
				943792A82E1C2B610089F512 /* TabNavigationManager.swift */,
				943DFDA12E1A86A4004F8043 /* OnboardingManager.swift */,
			);
			path = Managers;
			sourceTree = "<group>";
		};
		944EA1BE2E2CB16B00C110AF /* Docs */ = {
			isa = PBXGroup;
			children = (
				944EA1BF2E2CB5E400C110AF /* vercel-ai-sdk.md */,
			);
			path = Docs;
			sourceTree = "<group>";
		};
		944EA1C72E2CC63900C110AF /* .temp */ = {
			isa = PBXGroup;
			children = (
				944EA1C02E2CC63900C110AF /* cli-latest */,
				944EA1C12E2CC63900C110AF /* gotrue-version */,
				944EA1C22E2CC63900C110AF /* pooler-url */,
				944EA1C32E2CC63900C110AF /* postgres-version */,
				944EA1C42E2CC63900C110AF /* project-ref */,
				944EA1C52E2CC63900C110AF /* rest-version */,
				944EA1C62E2CC63900C110AF /* storage-version */,
			);
			path = .temp;
			sourceTree = "<group>";
		};
		944EA1CB2E2CC63900C110AF /* guidance */ = {
			isa = PBXGroup;
			children = (
				944EA1C82E2CC63900C110AF /* .npmrc */,
				944EA1C92E2CC63900C110AF /* deno.json */,
				944EA1CA2E2CC63900C110AF /* index.ts */,
			);
			path = guidance;
			sourceTree = "<group>";
		};
		944EA1CC2E2CC63900C110AF /* functions */ = {
			isa = PBXGroup;
			children = (
				944EA1CB2E2CC63900C110AF /* guidance */,
			);
			path = functions;
			sourceTree = "<group>";
		};
		944EA1CF2E2CC63900C110AF /* supabase */ = {
			isa = PBXGroup;
			children = (
				944EA1DB2E2CCF3700C110AF /* prompts */,
				944EA1C72E2CC63900C110AF /* .temp */,
				944EA1CC2E2CC63900C110AF /* functions */,
				944EA1CD2E2CC63900C110AF /* .gitignore */,
				944EA1CE2E2CC63900C110AF /* config.toml */,
			);
			path = supabase;
			sourceTree = "<group>";
		};
		944EA1DB2E2CCF3700C110AF /* prompts */ = {
			isa = PBXGroup;
			children = (
				944EA1E72E2CF8DC00C110AF /* promptTemplates.ts */,
				944EA1E52E2CF75000C110AF /* promptTemplates.json */,
				944EA1DF2E2CCFBC00C110AF /* contextExtractionPrompt.ts */,
				944EA1E02E2CCFBC00C110AF /* frameworkPrompt.ts */,
				944EA1DE2E2CCFBC00C110AF /* guidancePrompt.ts */,
				944EA1DD2E2CCFBC00C110AF /* situationAnalysisPrompt.ts */,
				944EA1DC2E2CCFBC00C110AF /* translationPrompt.ts */,
			);
			path = prompts;
			sourceTree = "<group>";
		};
		944EA1EC2E2DE90100C110AF /* Sections */ = {
			isa = PBXGroup;
			children = (
				944EA1ED2E2DE91400C110AF /* FoundationToolsSection.swift */,
				944EA1EF2E2DEBAC00C110AF /* FamilyLanguageSection.swift */,
				944EA1F12E2DEE1E00C110AF /* DeveloperSection.swift */,
				944EA1F22E2DEE1F00C110AF /* PrivacyDataSection.swift */,
				944EA1F32E2DF62C00C110AF /* GuidanceStructureSection.swift */,
				944EA1F52E2DF87900C110AF /* ChildProfileSection.swift */,
				944EA1F72E2DF94600C110AF /* AccountSection.swift */,
				944EA1F92E2DFD4E00C110AF /* HelpSupportSection.swift */,
			);
			path = Sections;
			sourceTree = "<group>";
		};
		944EA1FB2E2DFECF00C110AF /* Components */ = {
			isa = PBXGroup;
			children = (
				944EA1FC2E2DFEDB00C110AF /* GuidanceModeCard.swift */,
				944EA1FE2E2E018B00C110AF /* FrameworkCard.swift */,
				944EA2002E2E02B300C110AF /* LanguageSelectionView.swift */,
				944EA2022E2E04BD00C110AF /* LanguageOptionRow.swift */,
				944EA2042E2E06B000C110AF /* PrivacyPolicyView.swift */,
				944EA2062E2E0E6E00C110AF /* SignOutConfirmationView.swift */,
				944EA2082E2E0EDB00C110AF /* DeleteAccountConfirmationView.swift */,
				944EA20A2E2E0FDE00C110AF /* DeleteConfirmationTextField.swift */,
			);
			path = Components;
			sourceTree = "<group>";
		};
		948605C92E111832008D92DE /* Components */ = {
			isa = PBXGroup;
			children = (
				94FA11332E05CC41003EC1E9 /* RoutineCard.swift */,
			);
			path = Components;
			sourceTree = "<group>";
		};
		948605CC2E115C87008D92DE /* Components */ = {
			isa = PBXGroup;
			children = (
				94FA113B2E05CC81003EC1E9 /* NotificationCard.swift */,
				943792A42E1BE9970089F512 /* FrameworkRecommendationView.swift */,
			);
			path = Components;
			sourceTree = "<group>";
		};
		948605D22E133217008D92DE /* Frameworks */ = {
			isa = PBXGroup;
			children = (
			);
			name = Frameworks;
			sourceTree = "<group>";
		};
		94FA10B72E056247003EC1E9 = {
			isa = PBXGroup;
			children = (
				944EA1CF2E2CC63900C110AF /* supabase */,
				944EA1BE2E2CB16B00C110AF /* Docs */,
				944EA1BD2E2BE6EA00C110AF /* extracted_english_strings.geojson */,
				944EA1A72E2B30E000C110AF /* Localizable.xcstrings */,
				94CBD5142E20F80C0014C22A /* FakeFile.swift */,
				94FA10C22E056247003EC1E9 /* ParentGuidance */,
				94FA10D32E056249003EC1E9 /* ParentGuidanceTests */,
				94FA10DD2E056249003EC1E9 /* ParentGuidanceUITests */,
				94FA10C12E056247003EC1E9 /* Products */,
				948605D22E133217008D92DE /* Frameworks */,
			);
			sourceTree = "<group>";
		};
		94FA10C12E056247003EC1E9 /* Products */ = {
			isa = PBXGroup;
			children = (
				94FA10C02E056247003EC1E9 /* ParentGuidance.app */,
				94FA10D02E056249003EC1E9 /* ParentGuidanceTests.xctest */,
				94FA10DA2E056249003EC1E9 /* ParentGuidanceUITests.xctest */,
			);
			name = Products;
			sourceTree = "<group>";
		};
		94FA10C22E056247003EC1E9 /* ParentGuidance */ = {
			isa = PBXGroup;
			children = (
				943DFD9E2E1A8671004F8043 /* Managers */,
				94FA10C52E056247003EC1E9 /* ContentView.swift */,
				94FA10F32E05632C003EC1E9 /* Constants */,
				94FA10F22E056321003EC1E9 /* Utilities */,
				94FA10F12E056313003EC1E9 /* Components */,
				94FA10F02E05630A003EC1E9 /* Services */,
				94FA10EF2E056303003EC1E9 /* Models */,
				94FA10EE2E0562F9003EC1E9 /* ViewModels */,
				94FA10ED2E0562F0003EC1E9 /* Views */,
				94FA10C32E056247003EC1E9 /* ParentGuidanceApp.swift */,
				94FA10C72E056249003EC1E9 /* Assets.xcassets */,
				94FA10C92E056249003EC1E9 /* Preview Content */,
			);
			path = ParentGuidance;
			sourceTree = "<group>";
		};
		94FA10C92E056249003EC1E9 /* Preview Content */ = {
			isa = PBXGroup;
			children = (
				94FA10CA2E056249003EC1E9 /* Preview Assets.xcassets */,
			);
			path = "Preview Content";
			sourceTree = "<group>";
		};
		94FA10D32E056249003EC1E9 /* ParentGuidanceTests */ = {
			isa = PBXGroup;
			children = (
				94FA10D42E056249003EC1E9 /* ParentGuidanceTests.swift */,
			);
			path = ParentGuidanceTests;
			sourceTree = "<group>";
		};
		94FA10DD2E056249003EC1E9 /* ParentGuidanceUITests */ = {
			isa = PBXGroup;
			children = (
				94FA10DE2E056249003EC1E9 /* ParentGuidanceUITests.swift */,
				94FA10E02E056249003EC1E9 /* ParentGuidanceUITestsLaunchTests.swift */,
			);
			path = ParentGuidanceUITests;
			sourceTree = "<group>";
		};
		94FA10ED2E0562F0003EC1E9 /* Views */ = {
			isa = PBXGroup;
			children = (
				94FA10F62E0564D1003EC1E9 /* Components */,
				94FA10F52E056475003EC1E9 /* Onboarding */,
				94FA10F42E056465003EC1E9 /* Core */,
			);
			path = Views;
			sourceTree = "<group>";
		};
		94FA10EE2E0562F9003EC1E9 /* ViewModels */ = {
			isa = PBXGroup;
			children = (
				94FA10F92E0564F4003EC1E9 /* Shared */,
				94FA10F82E0564EE003EC1E9 /* Core */,
			);
			path = ViewModels;
			sourceTree = "<group>";
		};
		94FA10EF2E056303003EC1E9 /* Models */ = {
			isa = PBXGroup;
			children = (
				943DFD8D2E1A856E004F8043 /* Child.swift */,
				943DFD8C2E1A856E004F8043 /* UserProfile.swift */,
				94FA10F72E0564DE003EC1E9 /* Core */,
				943DFD902E1A858D004F8043 /* Situation.swift */,
				943DFD922E1A85A2004F8043 /* Guidance.swift */,
				943792A62E1BE9A90089F512 /* FrameworkRecommendation.swift */,
				948156552E2762BA00C28273 /* DynamicGuidanceModels.swift */,
				948156572E2762C700C28273 /* GuidanceStructureSettings.swift */,
				9481565B2E29019600C28273 /* ContextualInsight.swift */,
				948156672E2A02FC00C28273 /* ChildRegulationInsight.swift */,
			);
			path = Models;
			sourceTree = "<group>";
		};
		94FA10F02E05630A003EC1E9 /* Services */ = {
			isa = PBXGroup;
			children = (
				943DFD942E1A85B9004F8043 /* AppCoordinator.swift */,
				943DFD952E1A85B9004F8043 /* OpenAIService.swift */,
				948605D02E133149008D92DE /* SupabaseManager.swift */,
				948605D62E133251008D92DE /* AuthService.swift */,
				943DFD9A2E1A85EE004F8043 /* ConversationService.swift */,
				943DFD9C2E1A863A004F8043 /* DatabaseService.swift */,
				9437929D2E1BE9340089F512 /* FrameworkGenerationService.swift */,
				9437929F2E1BE94A0089F512 /* FrameworkStorageService.swift */,
				9481564D2E25334C00C28273 /* AudioPermissionManager.swift */,
				9481564F2E2533EE00C28273 /* VoiceRecorderError.swift */,
				948156512E25370900C28273 /* VoiceRecorderService.swift */,
				948156532E253D4400C28273 /* VoiceRecorderDelegate.swift */,
				948156592E2773FC00C28273 /* DynamicGuidanceParser.swift */,
				9481565D2E29023B00C28273 /* ContextualInsightService.swift */,
				944EA1A92E2B566400C110AF /* FamilyLanguageService.swift */,
				944EA1AB2E2B567A00C110AF /* LanguageDetectionService.swift */,
				944EA1AD2E2B652D00C110AF /* TranslationService.swift */,
				944EA1AF2E2B653D00C110AF /* FamilyInvitationService.swift */,
				944EA1B52E2B70AC00C110AF /* TranslationQueueManager.swift */,
				944EA1B72E2B77C400C110AF /* ContentDisplayService.swift */,
				944EA1E12E2CD35400C110AF /* EdgeFunctionService.swift */,
				944EA1E32E2CDCE100C110AF /* GuidanceGenerationService.swift */,
				944EA1E82E2DE4A900C110AF /* SettingsFrameworkState.swift */,
				944EA1EA2E2DE6A800C110AF /* SettingsViewState.swift */,
				944EA20C2E2E125F00C110AF /* SettingsDataService.swift */,
				944EA20E2E2E126B00C110AF /* SettingsAccountService.swift */,
				944EA2102E2E127600C110AF /* SettingsFormatterService.swift */,
				944EA2122E2E128100C110AF /* SettingsUtilityService.swift */,
			);
			path = Services;
			sourceTree = "<group>";
		};
		94FA10F12E056313003EC1E9 /* Components */ = {
			isa = PBXGroup;
			children = (
			);
			path = Components;
			sourceTree = "<group>";
		};
		94FA10F22E056321003EC1E9 /* Utilities */ = {
			isa = PBXGroup;
			children = (
			);
			path = Utilities;
			sourceTree = "<group>";
		};
		94FA10F32E05632C003EC1E9 /* Constants */ = {
			isa = PBXGroup;
			children = (
				94FA10FA2E05666F003EC1E9 /* ColorPalette.swift */,
			);
			path = Constants;
			sourceTree = "<group>";
		};
		94FA10F42E056465003EC1E9 /* Core */ = {
			isa = PBXGroup;
			children = (
				949600D32E20F2B1008EC0C0 /* AppCoordinatorView.swift */,
				94FA111D2E05C904003EC1E9 /* Today */,
				94FA111C2E05C8FC003EC1E9 /* Alerts */,
				94FA111B2E05C8F2003EC1E9 /* Situations */,
				94FA11382E05CC70003EC1E9 /* Guidance */,
				94FA111A2E05C8E7003EC1E9 /* Library */,
				94FA11192E05C8DC003EC1E9 /* Settings */,
				94FA110C2E05BA00003EC1E9 /* MainTabView.swift */,
				94FA110F2E05C88A003EC1E9 /* TodayView.swift */,
				94FA11112E05C898003EC1E9 /* NewSituationView.swift */,
				94FA11132E05C8A7003EC1E9 /* LibraryView.swift */,
				94FA11152E05C8B6003EC1E9 /* AlertsView.swift */,
				94FA11172E05C8C1003EC1E9 /* SettingsView.swift */,
			);
			path = Core;
			sourceTree = "<group>";
		};
		94FA10F52E056475003EC1E9 /* Onboarding */ = {
			isa = PBXGroup;
			children = (
				94FA10FC2E056C6C003EC1E9 /* WelcomeView.swift */,
				94FA10FE2E056C7A003EC1E9 /* AuthenticationView.swift */,
				94FA11002E056C93003EC1E9 /* ChildBasicsView.swift */,
				94FA11042E056CCA003EC1E9 /* PlanSelectionView.swift */,
				94FA11062E056CFD003EC1E9 /* OnboardingCoordinator.swift */,
				94FA11082E056D30003EC1E9 /* PaymentView.swift */,
				94FA110A2E056D40003EC1E9 /* APIKeyView.swift */,
				944EA1B12E2B6BB100C110AF /* FamilyChoiceView.swift */,
				944EA1B32E2B6BBE00C110AF /* JoinFamilyView.swift */,
			);
			path = Onboarding;
			sourceTree = "<group>";
		};
		94FA10F62E0564D1003EC1E9 /* Components */ = {
			isa = PBXGroup;
			children = (
				94FA11292E05CBFD003EC1E9 /* ChildBadge.swift */,
				94FA11312E05CC30003EC1E9 /* ChildHeader.swift */,
				949600D22E20F2B1008EC0C0 /* LoadingView.swift */,
			);
			path = Components;
			sourceTree = "<group>";
		};
		94FA10F72E0564DE003EC1E9 /* Core */ = {
			isa = PBXGroup;
			children = (
			);
			path = Core;
			sourceTree = "<group>";
		};
		94FA10F82E0564EE003EC1E9 /* Core */ = {
			isa = PBXGroup;
			children = (
			);
			path = Core;
			sourceTree = "<group>";
		};
		94FA10F92E0564F4003EC1E9 /* Shared */ = {
			isa = PBXGroup;
			children = (
			);
			path = Shared;
			sourceTree = "<group>";
		};
		94FA11192E05C8DC003EC1E9 /* Settings */ = {
			isa = PBXGroup;
			children = (
				944EA1FB2E2DFECF00C110AF /* Components */,
				944EA1EC2E2DE90100C110AF /* Sections */,
				9481564B2E23CDC000C28273 /* ChildProfileEditView.swift */,
				944EA1B92E2B822C00C110AF /* TranslationStrategySelectionView.swift */,
				944EA1BB2E2B865900C110AF /* FamilyManagementView.swift */,
			);
			path = Settings;
			sourceTree = "<group>";
		};
		94FA111A2E05C8E7003EC1E9 /* Library */ = {
			isa = PBXGroup;
			children = (
				943792A12E1BE9750089F512 /* Managers */,
				943DFD752E18238E004F8043 /* Models */,
				943DFD732E180D40004F8043 /* SituationDetailView.swift */,
				94FA11422E05CCC0003EC1E9 /* Components */,
				943DFD712E17CBE3004F8043 /* LibraryViewController.swift */,
				943792AA2E1C34520089F512 /* FrameworkGeneratingView.swift */,
				9481565F2E29042F00C28273 /* ContextualKnowledgeBaseView.swift */,
				948156632E2904D200C28273 /* ContextCategoryView.swift */,
				9481566B2E2A11E200C28273 /* RegulationInsightsView.swift */,
				9481566D2E2A12B600C28273 /* RegulationCategoryView.swift */,
				948156732E2A1E6800C28273 /* SearchSituationsView.swift */,
			);
			path = Library;
			sourceTree = "<group>";
		};
		94FA111B2E05C8F2003EC1E9 /* Situations */ = {
			isa = PBXGroup;
			children = (
				94FA11282E05CBEB003EC1E9 /* Components */,
				94FA111E2E05CBAA003EC1E9 /* SituationInputIdleView.swift */,
				94FA11202E05CBB8003EC1E9 /* SituationTypingView.swift */,
				94FA11242E05CBD4003EC1E9 /* SituationFollowUpView.swift */,
				94FA11262E05CBDF003EC1E9 /* SituationOrganizingView.swift */,
			);
			path = Situations;
			sourceTree = "<group>";
		};
		94FA111C2E05C8FC003EC1E9 /* Alerts */ = {
			isa = PBXGroup;
			children = (
				948605CC2E115C87008D92DE /* Components */,
				948605CD2E115CB2008D92DE /* AlertView.swift */,
			);
			path = Alerts;
			sourceTree = "<group>";
		};
		94FA111D2E05C904003EC1E9 /* Today */ = {
			isa = PBXGroup;
			children = (
				948605C92E111832008D92DE /* Components */,
				948605C72E111824008D92DE /* TodayEmptyView.swift */,
				948605CA2E111D1D008D92DE /* TodayTimelineView.swift */,
				94B3D79B2E16C45B000F1D65 /* TodayViewController.swift */,
			);
			path = Today;
			sourceTree = "<group>";
		};
		94FA11282E05CBEB003EC1E9 /* Components */ = {
			isa = PBXGroup;
			children = (
				94FA112B2E05CC08003EC1E9 /* MicButton.swift */,
				94FA112D2E05CC15003EC1E9 /* SendButton.swift */,
				94FA112F2E05CC23003EC1E9 /* InputGuidanceFooter.swift */,
			);
			path = Components;
			sourceTree = "<group>";
		};
		94FA11382E05CC70003EC1E9 /* Guidance */ = {
			isa = PBXGroup;
			children = (
				94FA11392E05CC71003EC1E9 /* Components */,
				94FA11372E05CC61003EC1E9 /* SituationGuidanceView.swift */,
			);
			path = Guidance;
			sourceTree = "<group>";
		};
		94FA11392E05CC71003EC1E9 /* Components */ = {
			isa = PBXGroup;
			children = (
				94FA11352E05CC51003EC1E9 /* GuidanceCard.swift */,
			);
			path = Components;
			sourceTree = "<group>";
		};
		94FA11422E05CCC0003EC1E9 /* Components */ = {
			isa = PBXGroup;
			children = (
				948156612E2904B100C28273 /* YourChildsWorldCard.swift */,
				94FA113D2E05CC91003EC1E9 /* SearchBar.swift */,
				94FA113F2E05CCA1003EC1E9 /* FoundationToolCard.swift */,
				94FA11412E05CCB1003EC1E9 /* SituationCard.swift */,
				943DFD782E182630004F8043 /* SearchFilterView.swift */,
				943DFD7A2E182640004F8043 /* SortDropdown.swift */,
				943DFD7C2E182650004F8043 /* CategoryFilterChips.swift */,
				943DFD7E2E18265C004F8043 /* SearchStatesView.swift */,
				943DFD802E18266B004F8043 /* LibraryHeaderView.swift */,
				943DFD822E182676004F8043 /* FilterButton.swift */,
				943DFD842E182684004F8043 /* SearchHistoryView.swift */,
				943DFD862E182690004F8043 /* BulkActionBar.swift */,
				943DFD882E18269D004F8043 /* ExportSheet.swift */,
				943DFD8A2E1826AF004F8043 /* ConfirmationDialog.swift */,
				948156652E2904E100C28273 /* ContextInsightCard.swift */,
				948156692E2A108900C28273 /* NoticingWhatMattersCard.swift */,
				9481566F2E2A12C700C28273 /* RegulationInsightCard.swift */,
				948156712E2A1D9800C28273 /* SearchSituationsCard.swift */,
			);
			path = Components;
			sourceTree = "<group>";
		};
/* End PBXGroup section */

/* Begin PBXNativeTarget section */
		94FA10BF2E056247003EC1E9 /* ParentGuidance */ = {
			isa = PBXNativeTarget;
			buildConfigurationList = 94FA10E42E056249003EC1E9 /* Build configuration list for PBXNativeTarget "ParentGuidance" */;
			buildPhases = (
				94FA10BC2E056247003EC1E9 /* Sources */,
				94FA10BD2E056247003EC1E9 /* Frameworks */,
				94FA10BE2E056247003EC1E9 /* Resources */,
			);
			buildRules = (
			);
			dependencies = (
			);
			name = ParentGuidance;
			packageProductDependencies = (
				948605D32E133217008D92DE /* Supabase */,
			);
			productName = ParentGuidance;
			productReference = 94FA10C02E056247003EC1E9 /* ParentGuidance.app */;
			productType = "com.apple.product-type.application";
		};
		94FA10CF2E056249003EC1E9 /* ParentGuidanceTests */ = {
			isa = PBXNativeTarget;
			buildConfigurationList = 94FA10E72E056249003EC1E9 /* Build configuration list for PBXNativeTarget "ParentGuidanceTests" */;
			buildPhases = (
				94FA10CC2E056249003EC1E9 /* Sources */,
				94FA10CD2E056249003EC1E9 /* Frameworks */,
				94FA10CE2E056249003EC1E9 /* Resources */,
			);
			buildRules = (
			);
			dependencies = (
				94FA10D22E056249003EC1E9 /* PBXTargetDependency */,
			);
			name = ParentGuidanceTests;
			productName = ParentGuidanceTests;
			productReference = 94FA10D02E056249003EC1E9 /* ParentGuidanceTests.xctest */;
			productType = "com.apple.product-type.bundle.unit-test";
		};
		94FA10D92E056249003EC1E9 /* ParentGuidanceUITests */ = {
			isa = PBXNativeTarget;
			buildConfigurationList = 94FA10EA2E056249003EC1E9 /* Build configuration list for PBXNativeTarget "ParentGuidanceUITests" */;
			buildPhases = (
				94FA10D62E056249003EC1E9 /* Sources */,
				94FA10D72E056249003EC1E9 /* Frameworks */,
				94FA10D82E056249003EC1E9 /* Resources */,
			);
			buildRules = (
			);
			dependencies = (
				94FA10DC2E056249003EC1E9 /* PBXTargetDependency */,
			);
			name = ParentGuidanceUITests;
			productName = ParentGuidanceUITests;
			productReference = 94FA10DA2E056249003EC1E9 /* ParentGuidanceUITests.xctest */;
			productType = "com.apple.product-type.bundle.ui-testing";
		};
/* End PBXNativeTarget section */

/* Begin PBXProject section */
		94FA10B82E056247003EC1E9 /* Project object */ = {
			isa = PBXProject;
			attributes = {
				BuildIndependentTargetsInParallel = 1;
				LastSwiftUpdateCheck = 1540;
				LastUpgradeCheck = 1540;
				TargetAttributes = {
					94FA10BF2E056247003EC1E9 = {
						CreatedOnToolsVersion = 15.4;
					};
					94FA10CF2E056249003EC1E9 = {
						CreatedOnToolsVersion = 15.4;
						TestTargetID = 94FA10BF2E056247003EC1E9;
					};
					94FA10D92E056249003EC1E9 = {
						CreatedOnToolsVersion = 15.4;
						TestTargetID = 94FA10BF2E056247003EC1E9;
					};
				};
			};
			buildConfigurationList = 94FA10BB2E056247003EC1E9 /* Build configuration list for PBXProject "ParentGuidance" */;
			compatibilityVersion = "Xcode 14.0";
			developmentRegion = en;
			hasScannedForEncodings = 0;
			knownRegions = (
				en,
				Base,
			);
			mainGroup = 94FA10B72E056247003EC1E9;
			packageReferences = (
				948605CF2E12D882008D92DE /* XCRemoteSwiftPackageReference "supabase-swift" */,
			);
			productRefGroup = 94FA10C12E056247003EC1E9 /* Products */;
			projectDirPath = "";
			projectRoot = "";
			targets = (
				94FA10BF2E056247003EC1E9 /* ParentGuidance */,
				94FA10CF2E056249003EC1E9 /* ParentGuidanceTests */,
				94FA10D92E056249003EC1E9 /* ParentGuidanceUITests */,
			);
		};
/* End PBXProject section */

/* Begin PBXResourcesBuildPhase section */
		94FA10BE2E056247003EC1E9 /* Resources */ = {
			isa = PBXResourcesBuildPhase;
			buildActionMask = 2147483647;
			files = (
				944EA1D12E2CC63900C110AF /* gotrue-version in Resources */,
				944EA1D02E2CC63900C110AF /* cli-latest in Resources */,
				944EA1D52E2CC63900C110AF /* rest-version in Resources */,
				944EA1D62E2CC63900C110AF /* storage-version in Resources */,
				94FA10CB2E056249003EC1E9 /* Preview Assets.xcassets in Resources */,
				94FA10C82E056249003EC1E9 /* Assets.xcassets in Resources */,
				944EA1D42E2CC63900C110AF /* project-ref in Resources */,
				944EA1D82E2CC63900C110AF /* deno.json in Resources */,
				944EA1D32E2CC63900C110AF /* postgres-version in Resources */,
				944EA1A82E2B30E000C110AF /* Localizable.xcstrings in Resources */,
				944EA1D22E2CC63900C110AF /* pooler-url in Resources */,
				944EA1D92E2CC63900C110AF /* .gitignore in Resources */,
				944EA1D72E2CC63900C110AF /* .npmrc in Resources */,
				944EA1DA2E2CC63900C110AF /* config.toml in Resources */,
				944EA1E62E2CF75100C110AF /* promptTemplates.json in Resources */,
			);
			runOnlyForDeploymentPostprocessing = 0;
		};
		94FA10CE2E056249003EC1E9 /* Resources */ = {
			isa = PBXResourcesBuildPhase;
			buildActionMask = 2147483647;
			files = (
			);
			runOnlyForDeploymentPostprocessing = 0;
		};
		94FA10D82E056249003EC1E9 /* Resources */ = {
			isa = PBXResourcesBuildPhase;
			buildActionMask = 2147483647;
			files = (
			);
			runOnlyForDeploymentPostprocessing = 0;
		};
/* End PBXResourcesBuildPhase section */

/* Begin PBXSourcesBuildPhase section */
		94FA10BC2E056247003EC1E9 /* Sources */ = {
			isa = PBXSourcesBuildPhase;
			buildActionMask = 2147483647;
			files = (
				94FA11142E05C8A7003EC1E9 /* LibraryView.swift in Sources */,
				944EA1F82E2DF94600C110AF /* AccountSection.swift in Sources */,
				9481566A2E2A108900C28273 /* NoticingWhatMattersCard.swift in Sources */,
				943DFD872E182690004F8043 /* BulkActionBar.swift in Sources */,
				943DFD792E182630004F8043 /* SearchFilterView.swift in Sources */,
				94FA10C62E056247003EC1E9 /* ContentView.swift in Sources */,
				94FA11092E056D30003EC1E9 /* PaymentView.swift in Sources */,
				944EA1B82E2B77C400C110AF /* ContentDisplayService.swift in Sources */,
				9481564E2E25334C00C28273 /* AudioPermissionManager.swift in Sources */,
				944EA2052E2E06B000C110AF /* PrivacyPolicyView.swift in Sources */,
				94FA10C42E056247003EC1E9 /* ParentGuidanceApp.swift in Sources */,
				94FA11272E05CBDF003EC1E9 /* SituationOrganizingView.swift in Sources */,
				94FA11302E05CC23003EC1E9 /* InputGuidanceFooter.swift in Sources */,
				94FA10FB2E05666F003EC1E9 /* ColorPalette.swift in Sources */,
				943DFD812E18266B004F8043 /* LibraryHeaderView.swift in Sources */,
				94FA10FD2E056C6C003EC1E9 /* WelcomeView.swift in Sources */,
				948156742E2A1E6800C28273 /* SearchSituationsView.swift in Sources */,
				94FA110D2E05BA00003EC1E9 /* MainTabView.swift in Sources */,
				948605CB2E111D1D008D92DE /* TodayTimelineView.swift in Sources */,
				944EA2032E2E04BD00C110AF /* LanguageOptionRow.swift in Sources */,
				94FA11052E056CCA003EC1E9 /* PlanSelectionView.swift in Sources */,
				943792A52E1BE9970089F512 /* FrameworkRecommendationView.swift in Sources */,
				944EA1B42E2B6BBE00C110AF /* JoinFamilyView.swift in Sources */,
				943DFD7F2E18265C004F8043 /* SearchStatesView.swift in Sources */,
				943DFD972E1A85B9004F8043 /* AppCoordinator.swift in Sources */,
				94FA112E2E05CC15003EC1E9 /* SendButton.swift in Sources */,
				944EA1FD2E2DFEDB00C110AF /* GuidanceModeCard.swift in Sources */,
				943DFD982E1A85B9004F8043 /* OpenAIService.swift in Sources */,
				943DFD8E2E1A856E004F8043 /* UserProfile.swift in Sources */,
				943DFD912E1A858D004F8043 /* Situation.swift in Sources */,
				94FA112C2E05CC08003EC1E9 /* MicButton.swift in Sources */,
				94FA11122E05C898003EC1E9 /* NewSituationView.swift in Sources */,
				948156682E2A02FC00C28273 /* ChildRegulationInsight.swift in Sources */,
				94FA11182E05C8C1003EC1E9 /* SettingsView.swift in Sources */,
				943DFD772E1823A5004F8043 /* LibraryFilters.swift in Sources */,
				944EA1F62E2DF87900C110AF /* ChildProfileSection.swift in Sources */,
				94FA11072E056CFD003EC1E9 /* OnboardingCoordinator.swift in Sources */,
				94FA11012E056C93003EC1E9 /* ChildBasicsView.swift in Sources */,
				94FA11162E05C8B6003EC1E9 /* AlertsView.swift in Sources */,
				94FA112A2E05CBFD003EC1E9 /* ChildBadge.swift in Sources */,
				943DFD8B2E1826AF004F8043 /* ConfirmationDialog.swift in Sources */,
				943DFD8F2E1A856E004F8043 /* Child.swift in Sources */,
				944EA1F02E2DEBAC00C110AF /* FamilyLanguageSection.swift in Sources */,
				9481566E2E2A12B600C28273 /* RegulationCategoryView.swift in Sources */,
				94FA11252E05CBD4003EC1E9 /* SituationFollowUpView.swift in Sources */,
				94B3D79C2E16C45B000F1D65 /* TodayViewController.swift in Sources */,
				948156622E2904B100C28273 /* YourChildsWorldCard.swift in Sources */,
				944EA1E42E2CDCE100C110AF /* GuidanceGenerationService.swift in Sources */,
				948605C82E111824008D92DE /* TodayEmptyView.swift in Sources */,
				948156562E2762BA00C28273 /* DynamicGuidanceModels.swift in Sources */,
				948156722E2A1D9800C28273 /* SearchSituationsCard.swift in Sources */,
				9481565C2E29019600C28273 /* ContextualInsight.swift in Sources */,
				948605D12E133149008D92DE /* SupabaseManager.swift in Sources */,
				948605D52E133250008D92DE /* AuthService.swift in Sources */,
				944EA20D2E2E125F00C110AF /* SettingsDataService.swift in Sources */,
				9481565E2E29023B00C28273 /* ContextualInsightService.swift in Sources */,
				944EA1BC2E2B865900C110AF /* FamilyManagementView.swift in Sources */,
				94FA10FF2E056C7A003EC1E9 /* AuthenticationView.swift in Sources */,
				948156602E29042F00C28273 /* ContextualKnowledgeBaseView.swift in Sources */,
				94FA11212E05CBB8003EC1E9 /* SituationTypingView.swift in Sources */,
				943DFD722E17CBE3004F8043 /* LibraryViewController.swift in Sources */,
				944EA20F2E2E126B00C110AF /* SettingsAccountService.swift in Sources */,
				943DFD832E182676004F8043 /* FilterButton.swift in Sources */,
				944EA1FF2E2E018B00C110AF /* FrameworkCard.swift in Sources */,
				944EA2132E2E128100C110AF /* SettingsUtilityService.swift in Sources */,
				944EA1E92E2DE4A900C110AF /* SettingsFrameworkState.swift in Sources */,
				948156542E253D4400C28273 /* VoiceRecorderDelegate.swift in Sources */,
				943DFD742E180D40004F8043 /* SituationDetailView.swift in Sources */,
				944EA20B2E2E0FDE00C110AF /* DeleteConfirmationTextField.swift in Sources */,
				9481565A2E2773FC00C28273 /* DynamicGuidanceParser.swift in Sources */,
				94FA11102E05C88A003EC1E9 /* TodayView.swift in Sources */,
				94FA110B2E056D40003EC1E9 /* APIKeyView.swift in Sources */,
				943DFD9B2E1A85EE004F8043 /* ConversationService.swift in Sources */,
				944EA1AA2E2B566400C110AF /* FamilyLanguageService.swift in Sources */,
				943DFD892E18269D004F8043 /* ExportSheet.swift in Sources */,
				944EA1AE2E2B652D00C110AF /* TranslationService.swift in Sources */,
				94FA111F2E05CBAA003EC1E9 /* SituationInputIdleView.swift in Sources */,
				943792A32E1BE9850089F512 /* LibrarySelectionManager.swift in Sources */,
				944EA1FA2E2DFD4E00C110AF /* HelpSupportSection.swift in Sources */,
				944EA1BA2E2B822C00C110AF /* TranslationStrategySelectionView.swift in Sources */,
				94FA11322E05CC30003EC1E9 /* ChildHeader.swift in Sources */,
				944EA1EB2E2DE6A800C110AF /* SettingsViewState.swift in Sources */,
				948156662E2904E100C28273 /* ContextInsightCard.swift in Sources */,
				949600D52E20F2B1008EC0C0 /* AppCoordinatorView.swift in Sources */,
				948156522E25370900C28273 /* VoiceRecorderService.swift in Sources */,
				94FA11332E05CC40003EC1E9 /* RoutineCard.swift in Sources */,
				944EA1B02E2B653D00C110AF /* FamilyInvitationService.swift in Sources */,
				944EA1B62E2B70AC00C110AF /* TranslationQueueManager.swift in Sources */,
				944EA2072E2E0E6E00C110AF /* SignOutConfirmationView.swift in Sources */,
				948605CE2E115CB2008D92DE /* AlertView.swift in Sources */,
				944EA2012E2E02B300C110AF /* LanguageSelectionView.swift in Sources */,
				943DFDA22E1A86A4004F8043 /* OnboardingManager.swift in Sources */,
				943DFD7D2E182650004F8043 /* CategoryFilterChips.swift in Sources */,
				9481566C2E2A11E200C28273 /* RegulationInsightsView.swift in Sources */,
				944EA2092E2E0EDB00C110AF /* DeleteAccountConfirmationView.swift in Sources */,
				943792AB2E1C34520089F512 /* FrameworkGeneratingView.swift in Sources */,
				944EA1E22E2CD35400C110AF /* EdgeFunctionService.swift in Sources */,
				944EA1AC2E2B567A00C110AF /* LanguageDetectionService.swift in Sources */,
				94FA11342E05CC50003EC1E9 /* GuidanceCard.swift in Sources */,
				944EA1EE2E2DE91400C110AF /* FoundationToolsSection.swift in Sources */,
				944EA2112E2E127600C110AF /* SettingsFormatterService.swift in Sources */,
				943DFD7B2E182640004F8043 /* SortDropdown.swift in Sources */,
				943DFD932E1A85A2004F8043 /* Guidance.swift in Sources */,
				94FA11362E05CC60003EC1E9 /* SituationGuidanceView.swift in Sources */,
				94FA113A2E05CC80003EC1E9 /* NotificationCard.swift in Sources */,
				94FA113C2E05CC90003EC1E9 /* SearchBar.swift in Sources */,
				948156702E2A12C700C28273 /* RegulationInsightCard.swift in Sources */,
				94CBD5152E20F80C0014C22A /* FakeFile.swift in Sources */,
				943792A92E1C2B610089F512 /* TabNavigationManager.swift in Sources */,
				94FA113E2E05CCA0003EC1E9 /* FoundationToolCard.swift in Sources */,
				943DFD852E182684004F8043 /* SearchHistoryView.swift in Sources */,
				944EA1F22E2DEE1E00C110AF /* DeveloperSection.swift in Sources */,
				944EA1F32E2DEE1F00C110AF /* PrivacyDataSection.swift in Sources */,
				943792A72E1BE9A90089F512 /* FrameworkRecommendation.swift in Sources */,
				948156502E2533EE00C28273 /* VoiceRecorderError.swift in Sources */,
				948156642E2904D200C28273 /* ContextCategoryView.swift in Sources */,
				944EA1F42E2DF62C00C110AF /* GuidanceStructureSection.swift in Sources */,
				943792A02E1BE94A0089F512 /* FrameworkStorageService.swift in Sources */,
				944EA1B22E2B6BB100C110AF /* FamilyChoiceView.swift in Sources */,
				9481564C2E23CDC000C28273 /* ChildProfileEditView.swift in Sources */,
				943DFD9D2E1A863A004F8043 /* DatabaseService.swift in Sources */,
				948156582E2762C700C28273 /* GuidanceStructureSettings.swift in Sources */,
				9437929E2E1BE9340089F512 /* FrameworkGenerationService.swift in Sources */,
				94FA11402E05CCB0003EC1E9 /* SituationCard.swift in Sources */,
				949600D42E20F2B1008EC0C0 /* LoadingView.swift in Sources */,
			);
			runOnlyForDeploymentPostprocessing = 0;
		};
		94FA10CC2E056249003EC1E9 /* Sources */ = {
			isa = PBXSourcesBuildPhase;
			buildActionMask = 2147483647;
			files = (
				94FA10D52E056249003EC1E9 /* ParentGuidanceTests.swift in Sources */,
			);
			runOnlyForDeploymentPostprocessing = 0;
		};
		94FA10D62E056249003EC1E9 /* Sources */ = {
			isa = PBXSourcesBuildPhase;
			buildActionMask = 2147483647;
			files = (
				94FA10E12E056249003EC1E9 /* ParentGuidanceUITestsLaunchTests.swift in Sources */,
				94FA10DF2E056249003EC1E9 /* ParentGuidanceUITests.swift in Sources */,
			);
			runOnlyForDeploymentPostprocessing = 0;
		};
/* End PBXSourcesBuildPhase section */

/* Begin PBXTargetDependency section */
		94FA10D22E056249003EC1E9 /* PBXTargetDependency */ = {
			isa = PBXTargetDependency;
			target = 94FA10BF2E056247003EC1E9 /* ParentGuidance */;
			targetProxy = 94FA10D12E056249003EC1E9 /* PBXContainerItemProxy */;
		};
		94FA10DC2E056249003EC1E9 /* PBXTargetDependency */ = {
			isa = PBXTargetDependency;
			target = 94FA10BF2E056247003EC1E9 /* ParentGuidance */;
			targetProxy = 94FA10DB2E056249003EC1E9 /* PBXContainerItemProxy */;
		};
/* End PBXTargetDependency section */

/* Begin XCBuildConfiguration section */
		94FA10E22E056249003EC1E9 /* Debug */ = {
			isa = XCBuildConfiguration;
			buildSettings = {
				ALWAYS_SEARCH_USER_PATHS = NO;
				ASSETCATALOG_COMPILER_GENERATE_SWIFT_ASSET_SYMBOL_EXTENSIONS = YES;
				CLANG_ANALYZER_NONNULL = YES;
				CLANG_ANALYZER_NUMBER_OBJECT_CONVERSION = YES_AGGRESSIVE;
				CLANG_CXX_LANGUAGE_STANDARD = "gnu++20";
				CLANG_ENABLE_MODULES = YES;
				CLANG_ENABLE_OBJC_ARC = YES;
				CLANG_ENABLE_OBJC_WEAK = YES;
				CLANG_WARN_BLOCK_CAPTURE_AUTORELEASING = YES;
				CLANG_WARN_BOOL_CONVERSION = YES;
				CLANG_WARN_COMMA = YES;
				CLANG_WARN_CONSTANT_CONVERSION = YES;
				CLANG_WARN_DEPRECATED_OBJC_IMPLEMENTATIONS = YES;
				CLANG_WARN_DIRECT_OBJC_ISA_USAGE = YES_ERROR;
				CLANG_WARN_DOCUMENTATION_COMMENTS = YES;
				CLANG_WARN_EMPTY_BODY = YES;
				CLANG_WARN_ENUM_CONVERSION = YES;
				CLANG_WARN_INFINITE_RECURSION = YES;
				CLANG_WARN_INT_CONVERSION = YES;
				CLANG_WARN_NON_LITERAL_NULL_CONVERSION = YES;
				CLANG_WARN_OBJC_IMPLICIT_RETAIN_SELF = YES;
				CLANG_WARN_OBJC_LITERAL_CONVERSION = YES;
				CLANG_WARN_OBJC_ROOT_CLASS = YES_ERROR;
				CLANG_WARN_QUOTED_INCLUDE_IN_FRAMEWORK_HEADER = YES;
				CLANG_WARN_RANGE_LOOP_ANALYSIS = YES;
				CLANG_WARN_STRICT_PROTOTYPES = YES;
				CLANG_WARN_SUSPICIOUS_MOVE = YES;
				CLANG_WARN_UNGUARDED_AVAILABILITY = YES_AGGRESSIVE;
				CLANG_WARN_UNREACHABLE_CODE = YES;
				CLANG_WARN__DUPLICATE_METHOD_MATCH = YES;
				COPY_PHASE_STRIP = NO;
				DEBUG_INFORMATION_FORMAT = dwarf;
				ENABLE_STRICT_OBJC_MSGSEND = YES;
				ENABLE_TESTABILITY = YES;
				ENABLE_USER_SCRIPT_SANDBOXING = YES;
				GCC_C_LANGUAGE_STANDARD = gnu17;
				GCC_DYNAMIC_NO_PIC = NO;
				GCC_NO_COMMON_BLOCKS = YES;
				GCC_OPTIMIZATION_LEVEL = 0;
				GCC_PREPROCESSOR_DEFINITIONS = (
					"DEBUG=1",
					"$(inherited)",
				);
				GCC_WARN_64_TO_32_BIT_CONVERSION = YES;
				GCC_WARN_ABOUT_RETURN_TYPE = YES_ERROR;
				GCC_WARN_UNDECLARED_SELECTOR = YES;
				GCC_WARN_UNINITIALIZED_AUTOS = YES_AGGRESSIVE;
				GCC_WARN_UNUSED_FUNCTION = YES;
				GCC_WARN_UNUSED_VARIABLE = YES;
				IPHONEOS_DEPLOYMENT_TARGET = 17.5;
				LOCALIZATION_PREFERS_STRING_CATALOGS = YES;
				MTL_ENABLE_DEBUG_INFO = INCLUDE_SOURCE;
				MTL_FAST_MATH = YES;
				ONLY_ACTIVE_ARCH = YES;
				SDKROOT = iphoneos;
				SWIFT_ACTIVE_COMPILATION_CONDITIONS = "DEBUG $(inherited)";
				SWIFT_OPTIMIZATION_LEVEL = "-Onone";
			};
			name = Debug;
		};
		94FA10E32E056249003EC1E9 /* Release */ = {
			isa = XCBuildConfiguration;
			buildSettings = {
				ALWAYS_SEARCH_USER_PATHS = NO;
				ASSETCATALOG_COMPILER_GENERATE_SWIFT_ASSET_SYMBOL_EXTENSIONS = YES;
				CLANG_ANALYZER_NONNULL = YES;
				CLANG_ANALYZER_NUMBER_OBJECT_CONVERSION = YES_AGGRESSIVE;
				CLANG_CXX_LANGUAGE_STANDARD = "gnu++20";
				CLANG_ENABLE_MODULES = YES;
				CLANG_ENABLE_OBJC_ARC = YES;
				CLANG_ENABLE_OBJC_WEAK = YES;
				CLANG_WARN_BLOCK_CAPTURE_AUTORELEASING = YES;
				CLANG_WARN_BOOL_CONVERSION = YES;
				CLANG_WARN_COMMA = YES;
				CLANG_WARN_CONSTANT_CONVERSION = YES;
				CLANG_WARN_DEPRECATED_OBJC_IMPLEMENTATIONS = YES;
				CLANG_WARN_DIRECT_OBJC_ISA_USAGE = YES_ERROR;
				CLANG_WARN_DOCUMENTATION_COMMENTS = YES;
				CLANG_WARN_EMPTY_BODY = YES;
				CLANG_WARN_ENUM_CONVERSION = YES;
				CLANG_WARN_INFINITE_RECURSION = YES;
				CLANG_WARN_INT_CONVERSION = YES;
				CLANG_WARN_NON_LITERAL_NULL_CONVERSION = YES;
				CLANG_WARN_OBJC_IMPLICIT_RETAIN_SELF = YES;
				CLANG_WARN_OBJC_LITERAL_CONVERSION = YES;
				CLANG_WARN_OBJC_ROOT_CLASS = YES_ERROR;
				CLANG_WARN_QUOTED_INCLUDE_IN_FRAMEWORK_HEADER = YES;
				CLANG_WARN_RANGE_LOOP_ANALYSIS = YES;
				CLANG_WARN_STRICT_PROTOTYPES = YES;
				CLANG_WARN_SUSPICIOUS_MOVE = YES;
				CLANG_WARN_UNGUARDED_AVAILABILITY = YES_AGGRESSIVE;
				CLANG_WARN_UNREACHABLE_CODE = YES;
				CLANG_WARN__DUPLICATE_METHOD_MATCH = YES;
				COPY_PHASE_STRIP = NO;
				DEBUG_INFORMATION_FORMAT = "dwarf-with-dsym";
				ENABLE_NS_ASSERTIONS = NO;
				ENABLE_STRICT_OBJC_MSGSEND = YES;
				ENABLE_USER_SCRIPT_SANDBOXING = YES;
				GCC_C_LANGUAGE_STANDARD = gnu17;
				GCC_NO_COMMON_BLOCKS = YES;
				GCC_WARN_64_TO_32_BIT_CONVERSION = YES;
				GCC_WARN_ABOUT_RETURN_TYPE = YES_ERROR;
				GCC_WARN_UNDECLARED_SELECTOR = YES;
				GCC_WARN_UNINITIALIZED_AUTOS = YES_AGGRESSIVE;
				GCC_WARN_UNUSED_FUNCTION = YES;
				GCC_WARN_UNUSED_VARIABLE = YES;
				IPHONEOS_DEPLOYMENT_TARGET = 17.5;
				LOCALIZATION_PREFERS_STRING_CATALOGS = YES;
				MTL_ENABLE_DEBUG_INFO = NO;
				MTL_FAST_MATH = YES;
				SDKROOT = iphoneos;
				SWIFT_COMPILATION_MODE = wholemodule;
				VALIDATE_PRODUCT = YES;
			};
			name = Release;
		};
		94FA10E52E056249003EC1E9 /* Debug */ = {
			isa = XCBuildConfiguration;
			buildSettings = {
				ASSETCATALOG_COMPILER_APPICON_NAME = AppIcon;
				ASSETCATALOG_COMPILER_GLOBAL_ACCENT_COLOR_NAME = AccentColor;
				CODE_SIGN_STYLE = Automatic;
				CURRENT_PROJECT_VERSION = 1;
				DEVELOPMENT_ASSET_PATHS = "\"ParentGuidance/Preview Content\"";
				DEVELOPMENT_TEAM = L53X4LP47U;
				ENABLE_PREVIEWS = YES;
				GENERATE_INFOPLIST_FILE = YES;
				INFOPLIST_KEY_NSMicrophoneUsageDescription = "ParentGuidance uses the microphone to record your voice when describing parenting situations, allowing you to quickly capture and transcribe your concerns for AI-powered guidance.";
				INFOPLIST_KEY_UIApplicationSceneManifest_Generation = YES;
				INFOPLIST_KEY_UIApplicationSupportsIndirectInputEvents = YES;
				INFOPLIST_KEY_UILaunchScreen_Generation = YES;
				INFOPLIST_KEY_UISupportedInterfaceOrientations_iPad = "UIInterfaceOrientationPortrait UIInterfaceOrientationPortraitUpsideDown UIInterfaceOrientationLandscapeLeft UIInterfaceOrientationLandscapeRight";
				INFOPLIST_KEY_UISupportedInterfaceOrientations_iPhone = "UIInterfaceOrientationPortrait UIInterfaceOrientationLandscapeLeft UIInterfaceOrientationLandscapeRight";
				LD_RUNPATH_SEARCH_PATHS = (
					"$(inherited)",
					"@executable_path/Frameworks",
				);
				MARKETING_VERSION = 1.0;
				PRODUCT_BUNDLE_IDENTIFIER = com.myfirstApp.ParentGuidance;
				PRODUCT_NAME = "$(TARGET_NAME)";
				SWIFT_EMIT_LOC_STRINGS = YES;
				SWIFT_VERSION = 5.0;
				TARGETED_DEVICE_FAMILY = "1,2";
			};
			name = Debug;
		};
		94FA10E62E056249003EC1E9 /* Release */ = {
			isa = XCBuildConfiguration;
			buildSettings = {
				ASSETCATALOG_COMPILER_APPICON_NAME = AppIcon;
				ASSETCATALOG_COMPILER_GLOBAL_ACCENT_COLOR_NAME = AccentColor;
				CODE_SIGN_STYLE = Automatic;
				CURRENT_PROJECT_VERSION = 1;
				DEVELOPMENT_ASSET_PATHS = "\"ParentGuidance/Preview Content\"";
				DEVELOPMENT_TEAM = L53X4LP47U;
				ENABLE_PREVIEWS = YES;
				GENERATE_INFOPLIST_FILE = YES;
				INFOPLIST_KEY_NSMicrophoneUsageDescription = "ParentGuidance uses the microphone to record your voice when describing parenting situations, allowing you to quickly capture and transcribe your concerns for AI-powered guidance.";
				INFOPLIST_KEY_UIApplicationSceneManifest_Generation = YES;
				INFOPLIST_KEY_UIApplicationSupportsIndirectInputEvents = YES;
				INFOPLIST_KEY_UILaunchScreen_Generation = YES;
				INFOPLIST_KEY_UISupportedInterfaceOrientations_iPad = "UIInterfaceOrientationPortrait UIInterfaceOrientationPortraitUpsideDown UIInterfaceOrientationLandscapeLeft UIInterfaceOrientationLandscapeRight";
				INFOPLIST_KEY_UISupportedInterfaceOrientations_iPhone = "UIInterfaceOrientationPortrait UIInterfaceOrientationLandscapeLeft UIInterfaceOrientationLandscapeRight";
				LD_RUNPATH_SEARCH_PATHS = (
					"$(inherited)",
					"@executable_path/Frameworks",
				);
				MARKETING_VERSION = 1.0;
				PRODUCT_BUNDLE_IDENTIFIER = com.myfirstApp.ParentGuidance;
				PRODUCT_NAME = "$(TARGET_NAME)";
				SWIFT_EMIT_LOC_STRINGS = YES;
				SWIFT_VERSION = 5.0;
				TARGETED_DEVICE_FAMILY = "1,2";
			};
			name = Release;
		};
		94FA10E82E056249003EC1E9 /* Debug */ = {
			isa = XCBuildConfiguration;
			buildSettings = {
				ALWAYS_EMBED_SWIFT_STANDARD_LIBRARIES = YES;
				BUNDLE_LOADER = "$(TEST_HOST)";
				CODE_SIGN_STYLE = Automatic;
				CURRENT_PROJECT_VERSION = 1;
				GENERATE_INFOPLIST_FILE = YES;
				IPHONEOS_DEPLOYMENT_TARGET = 17.5;
				MARKETING_VERSION = 1.0;
				PRODUCT_BUNDLE_IDENTIFIER = com.myfirstApp.ParentGuidanceTests;
				PRODUCT_NAME = "$(TARGET_NAME)";
				SWIFT_EMIT_LOC_STRINGS = NO;
				SWIFT_VERSION = 5.0;
				TARGETED_DEVICE_FAMILY = "1,2";
				TEST_HOST = "$(BUILT_PRODUCTS_DIR)/ParentGuidance.app/$(BUNDLE_EXECUTABLE_FOLDER_PATH)/ParentGuidance";
			};
			name = Debug;
		};
		94FA10E92E056249003EC1E9 /* Release */ = {
			isa = XCBuildConfiguration;
			buildSettings = {
				ALWAYS_EMBED_SWIFT_STANDARD_LIBRARIES = YES;
				BUNDLE_LOADER = "$(TEST_HOST)";
				CODE_SIGN_STYLE = Automatic;
				CURRENT_PROJECT_VERSION = 1;
				GENERATE_INFOPLIST_FILE = YES;
				IPHONEOS_DEPLOYMENT_TARGET = 17.5;
				MARKETING_VERSION = 1.0;
				PRODUCT_BUNDLE_IDENTIFIER = com.myfirstApp.ParentGuidanceTests;
				PRODUCT_NAME = "$(TARGET_NAME)";
				SWIFT_EMIT_LOC_STRINGS = NO;
				SWIFT_VERSION = 5.0;
				TARGETED_DEVICE_FAMILY = "1,2";
				TEST_HOST = "$(BUILT_PRODUCTS_DIR)/ParentGuidance.app/$(BUNDLE_EXECUTABLE_FOLDER_PATH)/ParentGuidance";
			};
			name = Release;
		};
		94FA10EB2E056249003EC1E9 /* Debug */ = {
			isa = XCBuildConfiguration;
			buildSettings = {
				ALWAYS_EMBED_SWIFT_STANDARD_LIBRARIES = YES;
				CODE_SIGN_STYLE = Automatic;
				CURRENT_PROJECT_VERSION = 1;
				GENERATE_INFOPLIST_FILE = YES;
				MARKETING_VERSION = 1.0;
				PRODUCT_BUNDLE_IDENTIFIER = com.myfirstApp.ParentGuidanceUITests;
				PRODUCT_NAME = "$(TARGET_NAME)";
				SWIFT_EMIT_LOC_STRINGS = NO;
				SWIFT_VERSION = 5.0;
				TARGETED_DEVICE_FAMILY = "1,2";
				TEST_TARGET_NAME = ParentGuidance;
			};
			name = Debug;
		};
		94FA10EC2E056249003EC1E9 /* Release */ = {
			isa = XCBuildConfiguration;
			buildSettings = {
				ALWAYS_EMBED_SWIFT_STANDARD_LIBRARIES = YES;
				CODE_SIGN_STYLE = Automatic;
				CURRENT_PROJECT_VERSION = 1;
				GENERATE_INFOPLIST_FILE = YES;
				MARKETING_VERSION = 1.0;
				PRODUCT_BUNDLE_IDENTIFIER = com.myfirstApp.ParentGuidanceUITests;
				PRODUCT_NAME = "$(TARGET_NAME)";
				SWIFT_EMIT_LOC_STRINGS = NO;
				SWIFT_VERSION = 5.0;
				TARGETED_DEVICE_FAMILY = "1,2";
				TEST_TARGET_NAME = ParentGuidance;
			};
			name = Release;
		};
/* End XCBuildConfiguration section */

/* Begin XCConfigurationList section */
		94FA10BB2E056247003EC1E9 /* Build configuration list for PBXProject "ParentGuidance" */ = {
			isa = XCConfigurationList;
			buildConfigurations = (
				94FA10E22E056249003EC1E9 /* Debug */,
				94FA10E32E056249003EC1E9 /* Release */,
			);
			defaultConfigurationIsVisible = 0;
			defaultConfigurationName = Release;
		};
		94FA10E42E056249003EC1E9 /* Build configuration list for PBXNativeTarget "ParentGuidance" */ = {
			isa = XCConfigurationList;
			buildConfigurations = (
				94FA10E52E056249003EC1E9 /* Debug */,
				94FA10E62E056249003EC1E9 /* Release */,
			);
			defaultConfigurationIsVisible = 0;
			defaultConfigurationName = Release;
		};
		94FA10E72E056249003EC1E9 /* Build configuration list for PBXNativeTarget "ParentGuidanceTests" */ = {
			isa = XCConfigurationList;
			buildConfigurations = (
				94FA10E82E056249003EC1E9 /* Debug */,
				94FA10E92E056249003EC1E9 /* Release */,
			);
			defaultConfigurationIsVisible = 0;
			defaultConfigurationName = Release;
		};
		94FA10EA2E056249003EC1E9 /* Build configuration list for PBXNativeTarget "ParentGuidanceUITests" */ = {
			isa = XCConfigurationList;
			buildConfigurations = (
				94FA10EB2E056249003EC1E9 /* Debug */,
				94FA10EC2E056249003EC1E9 /* Release */,
			);
			defaultConfigurationIsVisible = 0;
			defaultConfigurationName = Release;
		};
/* End XCConfigurationList section */

/* Begin XCRemoteSwiftPackageReference section */
		948605CF2E12D882008D92DE /* XCRemoteSwiftPackageReference "supabase-swift" */ = {
			isa = XCRemoteSwiftPackageReference;
			repositoryURL = "https://github.com/supabase-community/supabase-swift";
			requirement = {
				kind = upToNextMajorVersion;
				minimumVersion = 2.29.3;
			};
		};
/* End XCRemoteSwiftPackageReference section */

/* Begin XCSwiftPackageProductDependency section */
		948605D32E133217008D92DE /* Supabase */ = {
			isa = XCSwiftPackageProductDependency;
			package = 948605CF2E12D882008D92DE /* XCRemoteSwiftPackageReference "supabase-swift" */;
			productName = Supabase;
		};
/* End XCSwiftPackageProductDependency section */
	};
	rootObject = 94FA10B82E056247003EC1E9 /* Project object */;
}
